PODS:
  - AFDateHelper (3.4.0)
  - Alamofire (3.3.1)
  - Firebase (2.5.1)
  - pop (1.0.9)
  - SDWebImage (3.7.6):
    - SDWebImage/Core (= 3.7.6)
  - SDWebImage/Core (3.7.6)
  - SlideMenuControllerSwift (2.1.1)
  - SwiftyJSON (2.3.2)
  - TTTAttributedLabel (2.0.0)
  - XCGLogger (3.3)

DEPENDENCIES:
  - AFDateHelper
  - Alamofire (~> 3.3.1)
  - Firebase (= 2.5.1)
  - pop (from `https://github.com/facebook/pop.git`)
  - SDWebImage (~> 3.7)
  - SlideMenuControllerSwift
  - SwiftyJSON (from `https://github.com/SwiftyJSON/SwiftyJSON.git`)
  - TTTAttributedLabel
  - XCGLogger (~> 3.2)

EXTERNAL SOURCES:
  pop:
    :git: https://github.com/facebook/pop.git
  SwiftyJSON:
    :git: https://github.com/SwiftyJSON/SwiftyJSON.git

CHECKOUT OPTIONS:
  pop:
    :commit: b30efd828111e4dfd1651635c8586f859d1fd3c2
    :git: https://github.com/facebook/pop.git
  SwiftyJSON:
    :commit: 2a5b70f06001316d4fb54501edc70b4084705da0
    :git: https://github.com/SwiftyJSON/SwiftyJSON.git

SPEC CHECKSUMS:
  AFDateHelper: 1fd229b038d3e0286b848078cf073d9ee6a48ea8
  Alamofire: 369bc67b6f5ac33ded3648d7bd21c5bfb91c2ecc
  Firebase: 3565ea88b830f28f2c77ecc524622bc71a20d085
  pop: f667631a5108a2e60d9e8797c9b32ddaf2080bce
  SDWebImage: c325cf02c30337336b95beff20a13df489ec0ec9
  SlideMenuControllerSwift: 82ada9b04e03538c84d034cf1c09e5849c0113f7
  SwiftyJSON: 04ccea08915aa0109039157c7974cf0298da292a
  TTTAttributedLabel: 8cffe8e127e4e82ff3af1e5386d4cd0ad000b656
  XCGLogger: d6e196e78940ff6daab17d6917107876f973fa31

PODFILE CHECKSUM: 5222d87ef667dfee969b0951ac0f930ab1686d42

COCOAPODS: 1.0.0
