PODS:
  - AFDateHelper (3.4.2)
  - Alamofire (3.3.1)
  - Branch (0.12.5):
    - Branch/Core (= 0.12.5)
    - Branch/without-IDFA (= 0.12.5)
  - Branch/Core (0.12.5)
  - Branch/without-IDFA (0.12.5)
  - Firebase/Analytics (3.4.0):
    - FirebaseAnalytics (~> 3.3)
  - Firebase/Core (3.4.0):
    - Firebase/Analytics
  - Firebase/Database (3.4.0):
    - Firebase/Analytics
    - FirebaseDatabase (= 3.0.2)
  - Firebase/DynamicLinks (3.4.0):
    - Firebase/Analytics
    - FirebaseDynamicLinks (= 1.1.0)
  - FirebaseAnalytics (3.3.0):
    - FirebaseInstanceID (~> 1.0)
    - GoogleInterchangeUtilities (~> 1.2)
    - GoogleSymbolUtilities (~> 1.1)
    - GoogleUtilities (~> 1.2)
  - FirebaseDatabase (3.0.2):
    - FirebaseAnalytics (~> 3.2)
  - FirebaseDynamicLinks (1.1.0):
    - FirebaseAnalytics (~> 3.2)
  - FirebaseInstanceID (1.0.8)
  - GoogleInterchangeUtilities (1.2.1):
    - GoogleSymbolUtilities (~> 1.0)
  - GoogleSymbolUtilities (1.1.1)
  - GoogleUtilities (1.3.1):
    - GoogleSymbolUtilities (~> 1.0)
  - Mixpanel-swift (1.0.0)
  - pop (1.0.9)
  - SDWebImage (3.8.1):
    - SDWebImage/Core (= 3.8.1)
  - SDWebImage/Core (3.8.1)
  - SlideMenuControllerSwift (2.2.2)
  - SwiftyJSON (2.3.2)
  - TTTAttributedLabel (2.0.0)
  - XCGLogger (3.3)

DEPENDENCIES:
  - AFDateHelper
  - Alamofire (~> 3.3.1)
  - Branch
  - Firebase/Core
  - Firebase/Database
  - Firebase/DynamicLinks
  - Mixpanel-swift
  - pop (from `https://github.com/facebook/pop.git`)
  - SDWebImage (~> 3.7)
  - SlideMenuControllerSwift
  - SwiftyJSON (from `https://github.com/SwiftyJSON/SwiftyJSON.git`)
  - TTTAttributedLabel
  - XCGLogger (~> 3.2)

EXTERNAL SOURCES:
  pop:
    :git: https://github.com/facebook/pop.git
  SwiftyJSON:
    :git: https://github.com/SwiftyJSON/SwiftyJSON.git

CHECKOUT OPTIONS:
  pop:
    :commit: b30efd828111e4dfd1651635c8586f859d1fd3c2
    :git: https://github.com/facebook/pop.git
  SwiftyJSON:
    :commit: 73670b94292b8d8496c398a973f56ac67789ba9f
    :git: https://github.com/SwiftyJSON/SwiftyJSON.git

SPEC CHECKSUMS:
  AFDateHelper: aecee6bb264d6531795649f4ebac47783d2bab74
  Alamofire: 369bc67b6f5ac33ded3648d7bd21c5bfb91c2ecc
  Branch: 42307809efa9f23a55f40d8375ef8193bfe62b7c
  Firebase: 754562547af419cc2f4b15247fee419081924bc2
  FirebaseAnalytics: 228be2991cb28efb96cdafc4d62f64680e615c69
  FirebaseDatabase: 59bea2e7dfd81b3b8b2f8e396caf1a52c2ced6f7
  FirebaseDynamicLinks: bcf3c63482c1a120bbab65312e62573bb5a0d068
  FirebaseInstanceID: ba1e640935235e5fac39dfa816fe7660e72e1a8a
  GoogleInterchangeUtilities: def8415a862effc67d549d5b5b0b9c7a2f97d4de
  GoogleSymbolUtilities: 33117db1b5f290c6fbf259585e4885b4c84b98d7
  GoogleUtilities: 56c5ac05b7aa5dc417a1bb85221a9516e04d7032
  Mixpanel-swift: f35c35756e2122a8dbd9bd2f0e27441fc7a02e33
  pop: f667631a5108a2e60d9e8797c9b32ddaf2080bce
  SDWebImage: 35f9627a3e44b4f292a8a8ce6a531fa488239b91
  SlideMenuControllerSwift: e257221100c39d49edccaaeb0238b55a0c67953a
  SwiftyJSON: 04ccea08915aa0109039157c7974cf0298da292a
  TTTAttributedLabel: 8cffe8e127e4e82ff3af1e5386d4cd0ad000b656
  XCGLogger: d6e196e78940ff6daab17d6917107876f973fa31

PODFILE CHECKSUM: 4a95ea566a7053d5f0b67f4753f41ebcfc348cbb

COCOAPODS: 1.0.0
