// !$*UTF8*$!
{
	archiveVersion = 1;
	classes = {
	};
	objectVersion = 46;
	objects = {

/* Begin PBXBuildFile section */
		33104BFB1C97B1E70024D601 /* TRActivityIndicatorView.xib in Resources */ = {isa = PBXBuildFile; fileRef = 33104BFA1C97B1E70024D601 /* TRActivityIndicatorView.xib */; };
		33104BFC1C97B1E70024D601 /* TRActivityIndicatorView.xib in Resources */ = {isa = PBXBuildFile; fileRef = 33104BFA1C97B1E70024D601 /* TRActivityIndicatorView.xib */; };
		33104BFD1C97B1E70024D601 /* TRActivityIndicatorView.xib in Resources */ = {isa = PBXBuildFile; fileRef = 33104BFA1C97B1E70024D601 /* TRActivityIndicatorView.xib */; };
		33104BFF1C97B1F40024D601 /* TRActivityIndicatorView.swift in Sources */ = {isa = PBXBuildFile; fileRef = 33104BFE1C97B1F40024D601 /* TRActivityIndicatorView.swift */; };
		33104C001C97B1F40024D601 /* TRActivityIndicatorView.swift in Sources */ = {isa = PBXBuildFile; fileRef = 33104BFE1C97B1F40024D601 /* TRActivityIndicatorView.swift */; };
		33104C011C97B1F40024D601 /* TRActivityIndicatorView.swift in Sources */ = {isa = PBXBuildFile; fileRef = 33104BFE1C97B1F40024D601 /* TRActivityIndicatorView.swift */; };
		331E0F051C9B852200A80D32 /* TRPushNotificationView.swift in Sources */ = {isa = PBXBuildFile; fileRef = 3329B5931C9B7A8500CC1F9B /* TRPushNotificationView.swift */; };
		331E0F061C9B852F00A80D32 /* TRPushNotificationView.xib in Resources */ = {isa = PBXBuildFile; fileRef = 3329B5971C9B7A9000CC1F9B /* TRPushNotificationView.xib */; };
		3329B58C1C9B524D00CC1F9B /* TRErrorNotificationView.swift in Sources */ = {isa = PBXBuildFile; fileRef = 3329B58B1C9B524D00CC1F9B /* TRErrorNotificationView.swift */; };
		3329B58D1C9B524D00CC1F9B /* TRErrorNotificationView.swift in Sources */ = {isa = PBXBuildFile; fileRef = 3329B58B1C9B524D00CC1F9B /* TRErrorNotificationView.swift */; };
		3329B58E1C9B524D00CC1F9B /* TRErrorNotificationView.swift in Sources */ = {isa = PBXBuildFile; fileRef = 3329B58B1C9B524D00CC1F9B /* TRErrorNotificationView.swift */; };
		3329B5901C9B528F00CC1F9B /* TRErrorNotificationView.xib in Resources */ = {isa = PBXBuildFile; fileRef = 3329B58F1C9B528F00CC1F9B /* TRErrorNotificationView.xib */; };
		3329B5911C9B528F00CC1F9B /* TRErrorNotificationView.xib in Resources */ = {isa = PBXBuildFile; fileRef = 3329B58F1C9B528F00CC1F9B /* TRErrorNotificationView.xib */; };
		3329B5921C9B528F00CC1F9B /* TRErrorNotificationView.xib in Resources */ = {isa = PBXBuildFile; fileRef = 3329B58F1C9B528F00CC1F9B /* TRErrorNotificationView.xib */; };
		3329B5951C9B7A8500CC1F9B /* TRPushNotificationView.swift in Sources */ = {isa = PBXBuildFile; fileRef = 3329B5931C9B7A8500CC1F9B /* TRPushNotificationView.swift */; };
		3329B5961C9B7A8500CC1F9B /* TRPushNotificationView.swift in Sources */ = {isa = PBXBuildFile; fileRef = 3329B5931C9B7A8500CC1F9B /* TRPushNotificationView.swift */; };
		3329B5991C9B7A9000CC1F9B /* TRPushNotificationView.xib in Resources */ = {isa = PBXBuildFile; fileRef = 3329B5971C9B7A9000CC1F9B /* TRPushNotificationView.xib */; };
		3329B59A1C9B7A9000CC1F9B /* TRPushNotificationView.xib in Resources */ = {isa = PBXBuildFile; fileRef = 3329B5971C9B7A9000CC1F9B /* TRPushNotificationView.xib */; };
		332C9CE41C8B89370092989E /* TRLeaveEventRequest.swift in Sources */ = {isa = PBXBuildFile; fileRef = 332C9CE31C8B89370092989E /* TRLeaveEventRequest.swift */; };
		332C9CE51C8B89370092989E /* TRLeaveEventRequest.swift in Sources */ = {isa = PBXBuildFile; fileRef = 332C9CE31C8B89370092989E /* TRLeaveEventRequest.swift */; };
		332C9CE61C8B89370092989E /* TRLeaveEventRequest.swift in Sources */ = {isa = PBXBuildFile; fileRef = 332C9CE31C8B89370092989E /* TRLeaveEventRequest.swift */; };
		334E05BF1C939D7B00973068 /* AppDelegate.swift in Sources */ = {isa = PBXBuildFile; fileRef = 62C1FF2F1C77C15C00A78798 /* AppDelegate.swift */; };
		334E05C01C939D7C00973068 /* AppDelegate.swift in Sources */ = {isa = PBXBuildFile; fileRef = 62C1FF2F1C77C15C00A78798 /* AppDelegate.swift */; };
		335AF5E81CA49DF500EBB6EF /* Utility.swift in Sources */ = {isa = PBXBuildFile; fileRef = 338AECFD1C9D03AE008B064F /* Utility.swift */; };
		335AF5E91CA49DF500EBB6EF /* Utility.swift in Sources */ = {isa = PBXBuildFile; fileRef = 338AECFD1C9D03AE008B064F /* Utility.swift */; };
		33742D801C7FBDF100C46742 /* TRConstants.swift in Sources */ = {isa = PBXBuildFile; fileRef = 33742D7F1C7FBDF100C46742 /* TRConstants.swift */; };
		33742D811C7FC17700C46742 /* TRConstants.swift in Sources */ = {isa = PBXBuildFile; fileRef = 33742D7F1C7FBDF100C46742 /* TRConstants.swift */; };
		33742D821C7FC17800C46742 /* TRConstants.swift in Sources */ = {isa = PBXBuildFile; fileRef = 33742D7F1C7FBDF100C46742 /* TRConstants.swift */; };
		33742D861C7FC46B00C46742 /* TRBaseViewController.swift in Sources */ = {isa = PBXBuildFile; fileRef = 33742D851C7FC46B00C46742 /* TRBaseViewController.swift */; };
		33742D881C7FC4B400C46742 /* TRApplicationManager.swift in Sources */ = {isa = PBXBuildFile; fileRef = 33742D871C7FC4B400C46742 /* TRApplicationManager.swift */; };
		33742D8A1C7FC51700C46742 /* TRStoryBoardManager.swift in Sources */ = {isa = PBXBuildFile; fileRef = 33742D891C7FC51700C46742 /* TRStoryBoardManager.swift */; };
		33742D8B1C7FC66500C46742 /* TRBaseViewController.swift in Sources */ = {isa = PBXBuildFile; fileRef = 33742D851C7FC46B00C46742 /* TRBaseViewController.swift */; };
		33742D8C1C7FC66600C46742 /* TRBaseViewController.swift in Sources */ = {isa = PBXBuildFile; fileRef = 33742D851C7FC46B00C46742 /* TRBaseViewController.swift */; };
		33742D8D1C7FC66A00C46742 /* TRApplicationManager.swift in Sources */ = {isa = PBXBuildFile; fileRef = 33742D871C7FC4B400C46742 /* TRApplicationManager.swift */; };
		33742D8E1C7FC66B00C46742 /* TRApplicationManager.swift in Sources */ = {isa = PBXBuildFile; fileRef = 33742D871C7FC4B400C46742 /* TRApplicationManager.swift */; };
		33742D8F1C7FC66E00C46742 /* TRStoryBoardManager.swift in Sources */ = {isa = PBXBuildFile; fileRef = 33742D891C7FC51700C46742 /* TRStoryBoardManager.swift */; };
		33742D901C7FC66F00C46742 /* TRStoryBoardManager.swift in Sources */ = {isa = PBXBuildFile; fileRef = 33742D891C7FC51700C46742 /* TRStoryBoardManager.swift */; };
		33742D921C7FC8D300C46742 /* TRRequest.swift in Sources */ = {isa = PBXBuildFile; fileRef = 33742D911C7FC8D300C46742 /* TRRequest.swift */; };
		33742D941C7FC9B900C46742 /* TRRequest.swift in Sources */ = {isa = PBXBuildFile; fileRef = 33742D911C7FC8D300C46742 /* TRRequest.swift */; };
		33742D951C7FC9BA00C46742 /* TRRequest.swift in Sources */ = {isa = PBXBuildFile; fileRef = 33742D911C7FC8D300C46742 /* TRRequest.swift */; };
		33742D991C800A3300C46742 /* UISegmentedControlExtension.swift in Sources */ = {isa = PBXBuildFile; fileRef = 33742D981C800A3300C46742 /* UISegmentedControlExtension.swift */; };
		33742D9A1C800A5D00C46742 /* UISegmentedControlExtension.swift in Sources */ = {isa = PBXBuildFile; fileRef = 33742D981C800A3300C46742 /* UISegmentedControlExtension.swift */; };
		33742D9B1C800A5E00C46742 /* UISegmentedControlExtension.swift in Sources */ = {isa = PBXBuildFile; fileRef = 33742D981C800A3300C46742 /* UISegmentedControlExtension.swift */; };
		33742D9D1C80FFAE00C46742 /* TRGetEventsList.swift in Sources */ = {isa = PBXBuildFile; fileRef = 33742D9C1C80FFAE00C46742 /* TRGetEventsList.swift */; };
		33742D9E1C80FFAE00C46742 /* TRGetEventsList.swift in Sources */ = {isa = PBXBuildFile; fileRef = 33742D9C1C80FFAE00C46742 /* TRGetEventsList.swift */; };
		33742D9F1C80FFAE00C46742 /* TRGetEventsList.swift in Sources */ = {isa = PBXBuildFile; fileRef = 33742D9C1C80FFAE00C46742 /* TRGetEventsList.swift */; };
		33742DA51C81092D00C46742 /* TREventInfo.swift in Sources */ = {isa = PBXBuildFile; fileRef = 33742DA41C81092D00C46742 /* TREventInfo.swift */; };
		33742DA61C81092D00C46742 /* TREventInfo.swift in Sources */ = {isa = PBXBuildFile; fileRef = 33742DA41C81092D00C46742 /* TREventInfo.swift */; };
		33742DA71C81092D00C46742 /* TREventInfo.swift in Sources */ = {isa = PBXBuildFile; fileRef = 33742DA41C81092D00C46742 /* TREventInfo.swift */; };
		33742DA91C810A6100C46742 /* TRPlayerInfo.swift in Sources */ = {isa = PBXBuildFile; fileRef = 33742DA81C810A6100C46742 /* TRPlayerInfo.swift */; };
		33742DAA1C810A6100C46742 /* TRPlayerInfo.swift in Sources */ = {isa = PBXBuildFile; fileRef = 33742DA81C810A6100C46742 /* TRPlayerInfo.swift */; };
		33742DAB1C810A6100C46742 /* TRPlayerInfo.swift in Sources */ = {isa = PBXBuildFile; fileRef = 33742DA81C810A6100C46742 /* TRPlayerInfo.swift */; };
		33742DAD1C810AE300C46742 /* TRActivityInfo.swift in Sources */ = {isa = PBXBuildFile; fileRef = 33742DAC1C810AE300C46742 /* TRActivityInfo.swift */; };
		33742DAE1C810AE300C46742 /* TRActivityInfo.swift in Sources */ = {isa = PBXBuildFile; fileRef = 33742DAC1C810AE300C46742 /* TRActivityInfo.swift */; };
		33742DAF1C810AE300C46742 /* TRActivityInfo.swift in Sources */ = {isa = PBXBuildFile; fileRef = 33742DAC1C810AE300C46742 /* TRActivityInfo.swift */; };
		33742DB21C83179D00C46742 /* TREventTableCellView.swift in Sources */ = {isa = PBXBuildFile; fileRef = 33742DB11C83179D00C46742 /* TREventTableCellView.swift */; };
		33742DB31C83179D00C46742 /* TREventTableCellView.swift in Sources */ = {isa = PBXBuildFile; fileRef = 33742DB11C83179D00C46742 /* TREventTableCellView.swift */; };
		33742DB41C83179D00C46742 /* TREventTableCellView.swift in Sources */ = {isa = PBXBuildFile; fileRef = 33742DB11C83179D00C46742 /* TREventTableCellView.swift */; };
		33742DB71C8317EF00C46742 /* TREventTableCellView.xib in Resources */ = {isa = PBXBuildFile; fileRef = 33742DB61C8317EF00C46742 /* TREventTableCellView.xib */; };
		33742DB81C8317EF00C46742 /* TREventTableCellView.xib in Resources */ = {isa = PBXBuildFile; fileRef = 33742DB61C8317EF00C46742 /* TREventTableCellView.xib */; };
		33742DB91C8317EF00C46742 /* TREventTableCellView.xib in Resources */ = {isa = PBXBuildFile; fileRef = 33742DB61C8317EF00C46742 /* TREventTableCellView.xib */; };
		3374D74D1C9258DD0036E9C8 /* TRActivityCheckPointPicker.swift in Sources */ = {isa = PBXBuildFile; fileRef = 3374D74C1C9258DD0036E9C8 /* TRActivityCheckPointPicker.swift */; };
		3374D74E1C9258DD0036E9C8 /* TRActivityCheckPointPicker.swift in Sources */ = {isa = PBXBuildFile; fileRef = 3374D74C1C9258DD0036E9C8 /* TRActivityCheckPointPicker.swift */; };
		3374D74F1C9258DD0036E9C8 /* TRActivityCheckPointPicker.swift in Sources */ = {isa = PBXBuildFile; fileRef = 3374D74C1C9258DD0036E9C8 /* TRActivityCheckPointPicker.swift */; };
		3374D7511C92591F0036E9C8 /* TRActivityCheckPointPicker.xib in Resources */ = {isa = PBXBuildFile; fileRef = 3374D7501C92591F0036E9C8 /* TRActivityCheckPointPicker.xib */; };
		3374D7521C92591F0036E9C8 /* TRActivityCheckPointPicker.xib in Resources */ = {isa = PBXBuildFile; fileRef = 3374D7501C92591F0036E9C8 /* TRActivityCheckPointPicker.xib */; };
		3374D7531C92591F0036E9C8 /* TRActivityCheckPointPicker.xib in Resources */ = {isa = PBXBuildFile; fileRef = 3374D7501C92591F0036E9C8 /* TRActivityCheckPointPicker.xib */; };
		338AECFE1C9D03AE008B064F /* Utility.swift in Sources */ = {isa = PBXBuildFile; fileRef = 338AECFD1C9D03AE008B064F /* Utility.swift */; };
		33974F121CADA0E40015C9D5 /* ExSlideMenuController.swift in Sources */ = {isa = PBXBuildFile; fileRef = 33974F0E1CADA0620015C9D5 /* ExSlideMenuController.swift */; };
		33974F131CADA0E40015C9D5 /* ExSlideMenuController.swift in Sources */ = {isa = PBXBuildFile; fileRef = 33974F0E1CADA0620015C9D5 /* ExSlideMenuController.swift */; };
		33974F141CADA0E50015C9D5 /* ExSlideMenuController.swift in Sources */ = {isa = PBXBuildFile; fileRef = 33974F0E1CADA0620015C9D5 /* ExSlideMenuController.swift */; };
		33974F161CADD0740015C9D5 /* TRCreateAReportRequest.swift in Sources */ = {isa = PBXBuildFile; fileRef = 33974F151CADD0740015C9D5 /* TRCreateAReportRequest.swift */; };
		33974F171CADD0740015C9D5 /* TRCreateAReportRequest.swift in Sources */ = {isa = PBXBuildFile; fileRef = 33974F151CADD0740015C9D5 /* TRCreateAReportRequest.swift */; };
		33974F181CADD0740015C9D5 /* TRCreateAReportRequest.swift in Sources */ = {isa = PBXBuildFile; fileRef = 33974F151CADD0740015C9D5 /* TRCreateAReportRequest.swift */; };
		33974F1A1CADD9CD0015C9D5 /* TRSendReportViewController.swift in Sources */ = {isa = PBXBuildFile; fileRef = 33974F191CADD9CD0015C9D5 /* TRSendReportViewController.swift */; };
		33974F1B1CADD9CD0015C9D5 /* TRSendReportViewController.swift in Sources */ = {isa = PBXBuildFile; fileRef = 33974F191CADD9CD0015C9D5 /* TRSendReportViewController.swift */; };
		33974F1C1CADD9CD0015C9D5 /* TRSendReportViewController.swift in Sources */ = {isa = PBXBuildFile; fileRef = 33974F191CADD9CD0015C9D5 /* TRSendReportViewController.swift */; };
		3397E2831C93822F008CCCDB /* TRDeviceTokenRequest.swift in Sources */ = {isa = PBXBuildFile; fileRef = 3397E2821C93822F008CCCDB /* TRDeviceTokenRequest.swift */; };
		3397E2841C93822F008CCCDB /* TRDeviceTokenRequest.swift in Sources */ = {isa = PBXBuildFile; fileRef = 3397E2821C93822F008CCCDB /* TRDeviceTokenRequest.swift */; };
		3397E2851C93822F008CCCDB /* TRDeviceTokenRequest.swift in Sources */ = {isa = PBXBuildFile; fileRef = 3397E2821C93822F008CCCDB /* TRDeviceTokenRequest.swift */; };
		3398E1A51CAB18C7001F022B /* TREventInformationViewController.swift in Sources */ = {isa = PBXBuildFile; fileRef = 3398E1A41CAB18C7001F022B /* TREventInformationViewController.swift */; };
		3398E1A61CAB18C7001F022B /* TREventInformationViewController.swift in Sources */ = {isa = PBXBuildFile; fileRef = 3398E1A41CAB18C7001F022B /* TREventInformationViewController.swift */; };
		3398E1A71CAB18C7001F022B /* TREventInformationViewController.swift in Sources */ = {isa = PBXBuildFile; fileRef = 3398E1A41CAB18C7001F022B /* TREventInformationViewController.swift */; };
		3398E1A91CAB2994001F022B /* TRSendPushMessage.swift in Sources */ = {isa = PBXBuildFile; fileRef = 3398E1A81CAB2994001F022B /* TRSendPushMessage.swift */; };
		3398E1AA1CAB2994001F022B /* TRSendPushMessage.swift in Sources */ = {isa = PBXBuildFile; fileRef = 3398E1A81CAB2994001F022B /* TRSendPushMessage.swift */; };
		3398E1AB1CAB2994001F022B /* TRSendPushMessage.swift in Sources */ = {isa = PBXBuildFile; fileRef = 3398E1A81CAB2994001F022B /* TRSendPushMessage.swift */; };
		3398E1AD1CAB3D3D001F022B /* TRProfileViewController.swift in Sources */ = {isa = PBXBuildFile; fileRef = 3398E1AC1CAB3D3D001F022B /* TRProfileViewController.swift */; };
		3398E1AE1CAB3D3D001F022B /* TRProfileViewController.swift in Sources */ = {isa = PBXBuildFile; fileRef = 3398E1AC1CAB3D3D001F022B /* TRProfileViewController.swift */; };
		3398E1AF1CAB3D3D001F022B /* TRProfileViewController.swift in Sources */ = {isa = PBXBuildFile; fileRef = 3398E1AC1CAB3D3D001F022B /* TRProfileViewController.swift */; };
		3398E1B21CAB7EE0001F022B /* TREventInfoPlayerCell.swift in Sources */ = {isa = PBXBuildFile; fileRef = 3398E1B11CAB7EE0001F022B /* TREventInfoPlayerCell.swift */; };
		3398E1B31CAB7EE0001F022B /* TREventInfoPlayerCell.swift in Sources */ = {isa = PBXBuildFile; fileRef = 3398E1B11CAB7EE0001F022B /* TREventInfoPlayerCell.swift */; };
		3398E1B41CAB7EE0001F022B /* TREventInfoPlayerCell.swift in Sources */ = {isa = PBXBuildFile; fileRef = 3398E1B11CAB7EE0001F022B /* TREventInfoPlayerCell.swift */; };
		3398E1B61CAB7F14001F022B /* TREventInfoPlayerCell.xib in Resources */ = {isa = PBXBuildFile; fileRef = 3398E1B51CAB7F14001F022B /* TREventInfoPlayerCell.xib */; };
		3398E1B71CAB7F14001F022B /* TREventInfoPlayerCell.xib in Resources */ = {isa = PBXBuildFile; fileRef = 3398E1B51CAB7F14001F022B /* TREventInfoPlayerCell.xib */; };
		3398E1B81CAB7F14001F022B /* TREventInfoPlayerCell.xib in Resources */ = {isa = PBXBuildFile; fileRef = 3398E1B51CAB7F14001F022B /* TREventInfoPlayerCell.xib */; };
		339D8F241C90EE7A00A2620F /* TRCreateEventSelectionViewController.swift in Sources */ = {isa = PBXBuildFile; fileRef = 339D8F231C90EE7A00A2620F /* TRCreateEventSelectionViewController.swift */; };
		339D8F251C90EE7A00A2620F /* TRCreateEventSelectionViewController.swift in Sources */ = {isa = PBXBuildFile; fileRef = 339D8F231C90EE7A00A2620F /* TRCreateEventSelectionViewController.swift */; };
		339D8F261C90EE7A00A2620F /* TRCreateEventSelectionViewController.swift in Sources */ = {isa = PBXBuildFile; fileRef = 339D8F231C90EE7A00A2620F /* TRCreateEventSelectionViewController.swift */; };
		339D8F281C90F77E00A2620F /* TRActivitySelectionCell.swift in Sources */ = {isa = PBXBuildFile; fileRef = 339D8F271C90F77E00A2620F /* TRActivitySelectionCell.swift */; };
		339D8F291C90F77E00A2620F /* TRActivitySelectionCell.swift in Sources */ = {isa = PBXBuildFile; fileRef = 339D8F271C90F77E00A2620F /* TRActivitySelectionCell.swift */; };
		339D8F2A1C90F77E00A2620F /* TRActivitySelectionCell.swift in Sources */ = {isa = PBXBuildFile; fileRef = 339D8F271C90F77E00A2620F /* TRActivitySelectionCell.swift */; };
		339D8F2C1C90F79800A2620F /* TRActivitySelectionCell.xib in Resources */ = {isa = PBXBuildFile; fileRef = 339D8F2B1C90F79800A2620F /* TRActivitySelectionCell.xib */; };
		339D8F2D1C90F79800A2620F /* TRActivitySelectionCell.xib in Resources */ = {isa = PBXBuildFile; fileRef = 339D8F2B1C90F79800A2620F /* TRActivitySelectionCell.xib */; };
		339D8F2E1C90F79800A2620F /* TRActivitySelectionCell.xib in Resources */ = {isa = PBXBuildFile; fileRef = 339D8F2B1C90F79800A2620F /* TRActivitySelectionCell.xib */; };
		339D8F301C911FB900A2620F /* TRCreateEventConfirmationViewController.swift in Sources */ = {isa = PBXBuildFile; fileRef = 339D8F2F1C911FB900A2620F /* TRCreateEventConfirmationViewController.swift */; };
		339D8F311C911FB900A2620F /* TRCreateEventConfirmationViewController.swift in Sources */ = {isa = PBXBuildFile; fileRef = 339D8F2F1C911FB900A2620F /* TRCreateEventConfirmationViewController.swift */; };
		339D8F321C911FB900A2620F /* TRCreateEventConfirmationViewController.swift in Sources */ = {isa = PBXBuildFile; fileRef = 339D8F2F1C911FB900A2620F /* TRCreateEventConfirmationViewController.swift */; };
		33B5BC701C9A2F0B000D94DE /* Assets.xcassets in Resources */ = {isa = PBXBuildFile; fileRef = 62C1FF361C77C15C00A78798 /* Assets.xcassets */; };
		33B5BC711C9A2F0C000D94DE /* Assets.xcassets in Resources */ = {isa = PBXBuildFile; fileRef = 62C1FF361C77C15C00A78798 /* Assets.xcassets */; };
		33F427491C8A0DBD00560BD3 /* TRCreateEventViewController.swift in Sources */ = {isa = PBXBuildFile; fileRef = 33F427481C8A0DBD00560BD3 /* TRCreateEventViewController.swift */; };
		33F4274A1C8A0DBD00560BD3 /* TRCreateEventViewController.swift in Sources */ = {isa = PBXBuildFile; fileRef = 33F427481C8A0DBD00560BD3 /* TRCreateEventViewController.swift */; };
		33F4274B1C8A0DBD00560BD3 /* TRCreateEventViewController.swift in Sources */ = {isa = PBXBuildFile; fileRef = 33F427481C8A0DBD00560BD3 /* TRCreateEventViewController.swift */; };
		33FDB9A81C84F7C50066237C /* TRCreatorInfo.swift in Sources */ = {isa = PBXBuildFile; fileRef = 33FDB9A71C84F7C50066237C /* TRCreatorInfo.swift */; };
		33FDB9A91C84F82F0066237C /* TRCreatorInfo.swift in Sources */ = {isa = PBXBuildFile; fileRef = 33FDB9A71C84F7C50066237C /* TRCreatorInfo.swift */; };
		33FDB9AA1C84F8300066237C /* TRCreatorInfo.swift in Sources */ = {isa = PBXBuildFile; fileRef = 33FDB9A71C84F7C50066237C /* TRCreatorInfo.swift */; };
		33FDB9AE1C850AFC0066237C /* EventButton.swift in Sources */ = {isa = PBXBuildFile; fileRef = 33FDB9AD1C850AFC0066237C /* EventButton.swift */; };
		33FDB9AF1C850B960066237C /* EventButton.swift in Sources */ = {isa = PBXBuildFile; fileRef = 33FDB9AD1C850AFC0066237C /* EventButton.swift */; };
		33FDB9B01C850B970066237C /* EventButton.swift in Sources */ = {isa = PBXBuildFile; fileRef = 33FDB9AD1C850AFC0066237C /* EventButton.swift */; };
		33FDB9B61C861AB10066237C /* TRCreateEventRequest.swift in Sources */ = {isa = PBXBuildFile; fileRef = 33FDB9B51C861AB10066237C /* TRCreateEventRequest.swift */; };
		33FDB9B71C8621150066237C /* TRCreateEventRequest.swift in Sources */ = {isa = PBXBuildFile; fileRef = 33FDB9B51C861AB10066237C /* TRCreateEventRequest.swift */; };
		33FDB9B81C8621160066237C /* TRCreateEventRequest.swift in Sources */ = {isa = PBXBuildFile; fileRef = 33FDB9B51C861AB10066237C /* TRCreateEventRequest.swift */; };
		33FDB9B91C86247C0066237C /* TRRootViewController.swift in Sources */ = {isa = PBXBuildFile; fileRef = 62C1FF311C77C15C00A78798 /* TRRootViewController.swift */; };
		33FDB9BA1C86247C0066237C /* TRRootViewController.swift in Sources */ = {isa = PBXBuildFile; fileRef = 62C1FF311C77C15C00A78798 /* TRRootViewController.swift */; };
		33FDB9BC1C863A550066237C /* TRgetActivityList.swift in Sources */ = {isa = PBXBuildFile; fileRef = 33FDB9BB1C863A550066237C /* TRgetActivityList.swift */; };
		33FDB9BD1C863AF30066237C /* TRgetActivityList.swift in Sources */ = {isa = PBXBuildFile; fileRef = 33FDB9BB1C863A550066237C /* TRgetActivityList.swift */; };
		33FDB9BE1C863AF40066237C /* TRgetActivityList.swift in Sources */ = {isa = PBXBuildFile; fileRef = 33FDB9BB1C863A550066237C /* TRgetActivityList.swift */; };
		33FDB9D11C8778150066237C /* TRJoinEventRequest.swift in Sources */ = {isa = PBXBuildFile; fileRef = 33FDB9D01C8778150066237C /* TRJoinEventRequest.swift */; };
		33FDB9D21C8778150066237C /* TRJoinEventRequest.swift in Sources */ = {isa = PBXBuildFile; fileRef = 33FDB9D01C8778150066237C /* TRJoinEventRequest.swift */; };
		33FDB9D31C8778150066237C /* TRJoinEventRequest.swift in Sources */ = {isa = PBXBuildFile; fileRef = 33FDB9D01C8778150066237C /* TRJoinEventRequest.swift */; };
		33FDB9D71C892FEF0066237C /* ImageHelper.swift in Sources */ = {isa = PBXBuildFile; fileRef = 33FDB9D61C892FEF0066237C /* ImageHelper.swift */; };
		33FDB9D81C8930A50066237C /* ImageHelper.swift in Sources */ = {isa = PBXBuildFile; fileRef = 33FDB9D61C892FEF0066237C /* ImageHelper.swift */; };
		33FDB9D91C8930A60066237C /* ImageHelper.swift in Sources */ = {isa = PBXBuildFile; fileRef = 33FDB9D61C892FEF0066237C /* ImageHelper.swift */; };
		6238D2E21C7ADE8E0085C8AA /* TRUserInfo.swift in Sources */ = {isa = PBXBuildFile; fileRef = 6238D2E11C7ADE8E0085C8AA /* TRUserInfo.swift */; };
		6238D2E31C7ADE8E0085C8AA /* TRUserInfo.swift in Sources */ = {isa = PBXBuildFile; fileRef = 6238D2E11C7ADE8E0085C8AA /* TRUserInfo.swift */; };
		6238D2E41C7ADE8E0085C8AA /* TRUserInfo.swift in Sources */ = {isa = PBXBuildFile; fileRef = 6238D2E11C7ADE8E0085C8AA /* TRUserInfo.swift */; };
		6294972D1C7BB5F3005E4F91 /* TRAuthenticationRequest.swift in Sources */ = {isa = PBXBuildFile; fileRef = 6294972C1C7BB5F3005E4F91 /* TRAuthenticationRequest.swift */; };
		6294972E1C7BB5F3005E4F91 /* TRAuthenticationRequest.swift in Sources */ = {isa = PBXBuildFile; fileRef = 6294972C1C7BB5F3005E4F91 /* TRAuthenticationRequest.swift */; };
		6294972F1C7BB5F3005E4F91 /* TRAuthenticationRequest.swift in Sources */ = {isa = PBXBuildFile; fileRef = 6294972C1C7BB5F3005E4F91 /* TRAuthenticationRequest.swift */; };
		629497321C7C04E1005E4F91 /* ViewControllerExtension.swift in Sources */ = {isa = PBXBuildFile; fileRef = 629497311C7C04E1005E4F91 /* ViewControllerExtension.swift */; };
		629497331C7C04E1005E4F91 /* ViewControllerExtension.swift in Sources */ = {isa = PBXBuildFile; fileRef = 629497311C7C04E1005E4F91 /* ViewControllerExtension.swift */; };
		629497341C7C04E1005E4F91 /* ViewControllerExtension.swift in Sources */ = {isa = PBXBuildFile; fileRef = 629497311C7C04E1005E4F91 /* ViewControllerExtension.swift */; };
		62C1FF301C77C15C00A78798 /* AppDelegate.swift in Sources */ = {isa = PBXBuildFile; fileRef = 62C1FF2F1C77C15C00A78798 /* AppDelegate.swift */; };
		62C1FF321C77C15C00A78798 /* TRRootViewController.swift in Sources */ = {isa = PBXBuildFile; fileRef = 62C1FF311C77C15C00A78798 /* TRRootViewController.swift */; };
		62C1FF351C77C15C00A78798 /* Main.storyboard in Resources */ = {isa = PBXBuildFile; fileRef = 62C1FF331C77C15C00A78798 /* Main.storyboard */; };
		62C1FF3A1C77C15C00A78798 /* LaunchScreen.storyboard in Resources */ = {isa = PBXBuildFile; fileRef = 62C1FF381C77C15C00A78798 /* LaunchScreen.storyboard */; };
		62C1FF451C77C15C00A78798 /* TravelerTests.swift in Sources */ = {isa = PBXBuildFile; fileRef = 62C1FF441C77C15C00A78798 /* TravelerTests.swift */; };
		62C1FF501C77C15C00A78798 /* TravelerUITests.swift in Sources */ = {isa = PBXBuildFile; fileRef = 62C1FF4F1C77C15C00A78798 /* TravelerUITests.swift */; };
		62C1FF5F1C77CDFF00A78798 /* TRLoginOptionViewController.swift in Sources */ = {isa = PBXBuildFile; fileRef = 62C1FF5E1C77CDFF00A78798 /* TRLoginOptionViewController.swift */; };
		62C1FF601C77CDFF00A78798 /* TRLoginOptionViewController.swift in Sources */ = {isa = PBXBuildFile; fileRef = 62C1FF5E1C77CDFF00A78798 /* TRLoginOptionViewController.swift */; };
		62C1FF611C77CDFF00A78798 /* TRLoginOptionViewController.swift in Sources */ = {isa = PBXBuildFile; fileRef = 62C1FF5E1C77CDFF00A78798 /* TRLoginOptionViewController.swift */; };
		62C1FF631C77D7F000A78798 /* TRCreateAccountViewController.swift in Sources */ = {isa = PBXBuildFile; fileRef = 62C1FF621C77D7F000A78798 /* TRCreateAccountViewController.swift */; };
		62C1FF641C77D7F000A78798 /* TRCreateAccountViewController.swift in Sources */ = {isa = PBXBuildFile; fileRef = 62C1FF621C77D7F000A78798 /* TRCreateAccountViewController.swift */; };
		62C1FF651C77D7F000A78798 /* TRCreateAccountViewController.swift in Sources */ = {isa = PBXBuildFile; fileRef = 62C1FF621C77D7F000A78798 /* TRCreateAccountViewController.swift */; };
		62C1FF671C77D83800A78798 /* TRSignInViewController.swift in Sources */ = {isa = PBXBuildFile; fileRef = 62C1FF661C77D83800A78798 /* TRSignInViewController.swift */; };
		62C1FF681C77D83800A78798 /* TRSignInViewController.swift in Sources */ = {isa = PBXBuildFile; fileRef = 62C1FF661C77D83800A78798 /* TRSignInViewController.swift */; };
		62C1FF691C77D83800A78798 /* TRSignInViewController.swift in Sources */ = {isa = PBXBuildFile; fileRef = 62C1FF661C77D83800A78798 /* TRSignInViewController.swift */; };
		62C5DF791C79769C0039A88E /* TREventListViewController.swift in Sources */ = {isa = PBXBuildFile; fileRef = 62C5DF781C79769C0039A88E /* TREventListViewController.swift */; };
		62C5DF7A1C79769C0039A88E /* TREventListViewController.swift in Sources */ = {isa = PBXBuildFile; fileRef = 62C5DF781C79769C0039A88E /* TREventListViewController.swift */; };
		62C5DF7B1C79769C0039A88E /* TREventListViewController.swift in Sources */ = {isa = PBXBuildFile; fileRef = 62C5DF781C79769C0039A88E /* TREventListViewController.swift */; };
		62F279BF1C7D1318008D67DC /* Assets.xcassets in Resources */ = {isa = PBXBuildFile; fileRef = 62C1FF361C77C15C00A78798 /* Assets.xcassets */; };
		DC97B5D3262D20FB6CF3BD50 /* Pods_Traveler.framework in Frameworks */ = {isa = PBXBuildFile; fileRef = E48487BA87625DB9F2BC0DE9 /* Pods_Traveler.framework */; };
/* End PBXBuildFile section */

/* Begin PBXContainerItemProxy section */
		62C1FF411C77C15C00A78798 /* PBXContainerItemProxy */ = {
			isa = PBXContainerItemProxy;
			containerPortal = 62C1FF241C77C15C00A78798 /* Project object */;
			proxyType = 1;
			remoteGlobalIDString = 62C1FF2B1C77C15C00A78798;
			remoteInfo = Traveler;
		};
		62C1FF4C1C77C15C00A78798 /* PBXContainerItemProxy */ = {
			isa = PBXContainerItemProxy;
			containerPortal = 62C1FF241C77C15C00A78798 /* Project object */;
			proxyType = 1;
			remoteGlobalIDString = 62C1FF2B1C77C15C00A78798;
			remoteInfo = Traveler;
		};
/* End PBXContainerItemProxy section */

/* Begin PBXFileReference section */
		33104BFA1C97B1E70024D601 /* TRActivityIndicatorView.xib */ = {isa = PBXFileReference; fileEncoding = 4; lastKnownFileType = file.xib; path = TRActivityIndicatorView.xib; sourceTree = "<group>"; };
		33104BFE1C97B1F40024D601 /* TRActivityIndicatorView.swift */ = {isa = PBXFileReference; fileEncoding = 4; lastKnownFileType = sourcecode.swift; path = TRActivityIndicatorView.swift; sourceTree = "<group>"; };
		3329B58B1C9B524D00CC1F9B /* TRErrorNotificationView.swift */ = {isa = PBXFileReference; fileEncoding = 4; lastKnownFileType = sourcecode.swift; path = TRErrorNotificationView.swift; sourceTree = "<group>"; };
		3329B58F1C9B528F00CC1F9B /* TRErrorNotificationView.xib */ = {isa = PBXFileReference; fileEncoding = 4; lastKnownFileType = file.xib; path = TRErrorNotificationView.xib; sourceTree = "<group>"; };
		3329B5931C9B7A8500CC1F9B /* TRPushNotificationView.swift */ = {isa = PBXFileReference; fileEncoding = 4; lastKnownFileType = sourcecode.swift; path = TRPushNotificationView.swift; sourceTree = "<group>"; };
		3329B5971C9B7A9000CC1F9B /* TRPushNotificationView.xib */ = {isa = PBXFileReference; fileEncoding = 4; lastKnownFileType = file.xib; path = TRPushNotificationView.xib; sourceTree = "<group>"; };
		332C9CE31C8B89370092989E /* TRLeaveEventRequest.swift */ = {isa = PBXFileReference; fileEncoding = 4; lastKnownFileType = sourcecode.swift; path = TRLeaveEventRequest.swift; sourceTree = "<group>"; };
		33742D7F1C7FBDF100C46742 /* TRConstants.swift */ = {isa = PBXFileReference; fileEncoding = 4; lastKnownFileType = sourcecode.swift; path = TRConstants.swift; sourceTree = "<group>"; };
		33742D851C7FC46B00C46742 /* TRBaseViewController.swift */ = {isa = PBXFileReference; fileEncoding = 4; lastKnownFileType = sourcecode.swift; path = TRBaseViewController.swift; sourceTree = "<group>"; };
		33742D871C7FC4B400C46742 /* TRApplicationManager.swift */ = {isa = PBXFileReference; fileEncoding = 4; lastKnownFileType = sourcecode.swift; path = TRApplicationManager.swift; sourceTree = "<group>"; };
		33742D891C7FC51700C46742 /* TRStoryBoardManager.swift */ = {isa = PBXFileReference; fileEncoding = 4; lastKnownFileType = sourcecode.swift; path = TRStoryBoardManager.swift; sourceTree = "<group>"; };
		33742D911C7FC8D300C46742 /* TRRequest.swift */ = {isa = PBXFileReference; fileEncoding = 4; lastKnownFileType = sourcecode.swift; path = TRRequest.swift; sourceTree = "<group>"; };
		33742D981C800A3300C46742 /* UISegmentedControlExtension.swift */ = {isa = PBXFileReference; fileEncoding = 4; lastKnownFileType = sourcecode.swift; path = UISegmentedControlExtension.swift; sourceTree = "<group>"; };
		33742D9C1C80FFAE00C46742 /* TRGetEventsList.swift */ = {isa = PBXFileReference; fileEncoding = 4; lastKnownFileType = sourcecode.swift; path = TRGetEventsList.swift; sourceTree = "<group>"; };
		33742DA41C81092D00C46742 /* TREventInfo.swift */ = {isa = PBXFileReference; fileEncoding = 4; lastKnownFileType = sourcecode.swift; path = TREventInfo.swift; sourceTree = "<group>"; };
		33742DA81C810A6100C46742 /* TRPlayerInfo.swift */ = {isa = PBXFileReference; fileEncoding = 4; lastKnownFileType = sourcecode.swift; path = TRPlayerInfo.swift; sourceTree = "<group>"; };
		33742DAC1C810AE300C46742 /* TRActivityInfo.swift */ = {isa = PBXFileReference; fileEncoding = 4; lastKnownFileType = sourcecode.swift; path = TRActivityInfo.swift; sourceTree = "<group>"; };
		33742DB11C83179D00C46742 /* TREventTableCellView.swift */ = {isa = PBXFileReference; fileEncoding = 4; lastKnownFileType = sourcecode.swift; path = TREventTableCellView.swift; sourceTree = "<group>"; };
		33742DB61C8317EF00C46742 /* TREventTableCellView.xib */ = {isa = PBXFileReference; fileEncoding = 4; lastKnownFileType = file.xib; path = TREventTableCellView.xib; sourceTree = "<group>"; };
		3374D74C1C9258DD0036E9C8 /* TRActivityCheckPointPicker.swift */ = {isa = PBXFileReference; fileEncoding = 4; lastKnownFileType = sourcecode.swift; path = TRActivityCheckPointPicker.swift; sourceTree = "<group>"; };
		3374D7501C92591F0036E9C8 /* TRActivityCheckPointPicker.xib */ = {isa = PBXFileReference; fileEncoding = 4; lastKnownFileType = file.xib; path = TRActivityCheckPointPicker.xib; sourceTree = "<group>"; };
		338AECFD1C9D03AE008B064F /* Utility.swift */ = {isa = PBXFileReference; fileEncoding = 4; lastKnownFileType = sourcecode.swift; path = Utility.swift; sourceTree = "<group>"; };
		33974F0E1CADA0620015C9D5 /* ExSlideMenuController.swift */ = {isa = PBXFileReference; fileEncoding = 4; lastKnownFileType = sourcecode.swift; path = ExSlideMenuController.swift; sourceTree = "<group>"; };
		33974F151CADD0740015C9D5 /* TRCreateAReportRequest.swift */ = {isa = PBXFileReference; fileEncoding = 4; lastKnownFileType = sourcecode.swift; path = TRCreateAReportRequest.swift; sourceTree = "<group>"; };
		33974F191CADD9CD0015C9D5 /* TRSendReportViewController.swift */ = {isa = PBXFileReference; fileEncoding = 4; lastKnownFileType = sourcecode.swift; path = TRSendReportViewController.swift; sourceTree = "<group>"; };
		3397E2821C93822F008CCCDB /* TRDeviceTokenRequest.swift */ = {isa = PBXFileReference; fileEncoding = 4; lastKnownFileType = sourcecode.swift; path = TRDeviceTokenRequest.swift; sourceTree = "<group>"; };
		3398E1A41CAB18C7001F022B /* TREventInformationViewController.swift */ = {isa = PBXFileReference; fileEncoding = 4; lastKnownFileType = sourcecode.swift; path = TREventInformationViewController.swift; sourceTree = "<group>"; };
		3398E1A81CAB2994001F022B /* TRSendPushMessage.swift */ = {isa = PBXFileReference; fileEncoding = 4; lastKnownFileType = sourcecode.swift; path = TRSendPushMessage.swift; sourceTree = "<group>"; };
		3398E1AC1CAB3D3D001F022B /* TRProfileViewController.swift */ = {isa = PBXFileReference; fileEncoding = 4; lastKnownFileType = sourcecode.swift; path = TRProfileViewController.swift; sourceTree = "<group>"; };
		3398E1B11CAB7EE0001F022B /* TREventInfoPlayerCell.swift */ = {isa = PBXFileReference; fileEncoding = 4; lastKnownFileType = sourcecode.swift; path = TREventInfoPlayerCell.swift; sourceTree = "<group>"; };
		3398E1B51CAB7F14001F022B /* TREventInfoPlayerCell.xib */ = {isa = PBXFileReference; fileEncoding = 4; lastKnownFileType = file.xib; path = TREventInfoPlayerCell.xib; sourceTree = "<group>"; };
		339D8F231C90EE7A00A2620F /* TRCreateEventSelectionViewController.swift */ = {isa = PBXFileReference; fileEncoding = 4; lastKnownFileType = sourcecode.swift; path = TRCreateEventSelectionViewController.swift; sourceTree = "<group>"; };
		339D8F271C90F77E00A2620F /* TRActivitySelectionCell.swift */ = {isa = PBXFileReference; fileEncoding = 4; lastKnownFileType = sourcecode.swift; path = TRActivitySelectionCell.swift; sourceTree = "<group>"; };
		339D8F2B1C90F79800A2620F /* TRActivitySelectionCell.xib */ = {isa = PBXFileReference; fileEncoding = 4; lastKnownFileType = file.xib; path = TRActivitySelectionCell.xib; sourceTree = "<group>"; };
		339D8F2F1C911FB900A2620F /* TRCreateEventConfirmationViewController.swift */ = {isa = PBXFileReference; fileEncoding = 4; lastKnownFileType = sourcecode.swift; path = TRCreateEventConfirmationViewController.swift; sourceTree = "<group>"; };
		33F427481C8A0DBD00560BD3 /* TRCreateEventViewController.swift */ = {isa = PBXFileReference; fileEncoding = 4; lastKnownFileType = sourcecode.swift; path = TRCreateEventViewController.swift; sourceTree = "<group>"; };
		33FDB9A71C84F7C50066237C /* TRCreatorInfo.swift */ = {isa = PBXFileReference; fileEncoding = 4; lastKnownFileType = sourcecode.swift; path = TRCreatorInfo.swift; sourceTree = "<group>"; };
		33FDB9AD1C850AFC0066237C /* EventButton.swift */ = {isa = PBXFileReference; fileEncoding = 4; lastKnownFileType = sourcecode.swift; path = EventButton.swift; sourceTree = "<group>"; };
		33FDB9B41C8512E60066237C /* TR-Bridging-Header.h */ = {isa = PBXFileReference; fileEncoding = 4; lastKnownFileType = sourcecode.c.h; path = "TR-Bridging-Header.h"; sourceTree = "<group>"; };
		33FDB9B51C861AB10066237C /* TRCreateEventRequest.swift */ = {isa = PBXFileReference; fileEncoding = 4; lastKnownFileType = sourcecode.swift; path = TRCreateEventRequest.swift; sourceTree = "<group>"; };
		33FDB9BB1C863A550066237C /* TRgetActivityList.swift */ = {isa = PBXFileReference; fileEncoding = 4; lastKnownFileType = sourcecode.swift; path = TRgetActivityList.swift; sourceTree = "<group>"; };
		33FDB9D01C8778150066237C /* TRJoinEventRequest.swift */ = {isa = PBXFileReference; fileEncoding = 4; lastKnownFileType = sourcecode.swift; path = TRJoinEventRequest.swift; sourceTree = "<group>"; };
		33FDB9D61C892FEF0066237C /* ImageHelper.swift */ = {isa = PBXFileReference; fileEncoding = 4; lastKnownFileType = sourcecode.swift; path = ImageHelper.swift; sourceTree = "<group>"; };
		4909F40824E557126E933B36 /* Pods-Traveler.debug.xcconfig */ = {isa = PBXFileReference; includeInIndex = 1; lastKnownFileType = text.xcconfig; name = "Pods-Traveler.debug.xcconfig"; path = "Pods/Target Support Files/Pods-Traveler/Pods-Traveler.debug.xcconfig"; sourceTree = "<group>"; };
		6238D2E11C7ADE8E0085C8AA /* TRUserInfo.swift */ = {isa = PBXFileReference; fileEncoding = 4; lastKnownFileType = sourcecode.swift; path = TRUserInfo.swift; sourceTree = "<group>"; };
		6294972C1C7BB5F3005E4F91 /* TRAuthenticationRequest.swift */ = {isa = PBXFileReference; fileEncoding = 4; lastKnownFileType = sourcecode.swift; path = TRAuthenticationRequest.swift; sourceTree = "<group>"; };
		629497311C7C04E1005E4F91 /* ViewControllerExtension.swift */ = {isa = PBXFileReference; fileEncoding = 4; lastKnownFileType = sourcecode.swift; path = ViewControllerExtension.swift; sourceTree = "<group>"; };
		62C1FF2C1C77C15C00A78798 /* Traveler.app */ = {isa = PBXFileReference; explicitFileType = wrapper.application; includeInIndex = 0; path = Traveler.app; sourceTree = BUILT_PRODUCTS_DIR; };
		62C1FF2F1C77C15C00A78798 /* AppDelegate.swift */ = {isa = PBXFileReference; lastKnownFileType = sourcecode.swift; path = AppDelegate.swift; sourceTree = "<group>"; };
		62C1FF311C77C15C00A78798 /* TRRootViewController.swift */ = {isa = PBXFileReference; lastKnownFileType = sourcecode.swift; path = TRRootViewController.swift; sourceTree = "<group>"; };
		62C1FF341C77C15C00A78798 /* Base */ = {isa = PBXFileReference; lastKnownFileType = file.storyboard; name = Base; path = Base.lproj/Main.storyboard; sourceTree = "<group>"; };
		62C1FF361C77C15C00A78798 /* Assets.xcassets */ = {isa = PBXFileReference; lastKnownFileType = folder.assetcatalog; path = Assets.xcassets; sourceTree = "<group>"; };
		62C1FF391C77C15C00A78798 /* Base */ = {isa = PBXFileReference; lastKnownFileType = file.storyboard; name = Base; path = Base.lproj/LaunchScreen.storyboard; sourceTree = "<group>"; };
		62C1FF3B1C77C15C00A78798 /* Info.plist */ = {isa = PBXFileReference; lastKnownFileType = text.plist.xml; path = Info.plist; sourceTree = "<group>"; };
		62C1FF401C77C15C00A78798 /* TravelerTests.xctest */ = {isa = PBXFileReference; explicitFileType = wrapper.cfbundle; includeInIndex = 0; path = TravelerTests.xctest; sourceTree = BUILT_PRODUCTS_DIR; };
		62C1FF441C77C15C00A78798 /* TravelerTests.swift */ = {isa = PBXFileReference; lastKnownFileType = sourcecode.swift; path = TravelerTests.swift; sourceTree = "<group>"; };
		62C1FF461C77C15C00A78798 /* Info.plist */ = {isa = PBXFileReference; lastKnownFileType = text.plist.xml; path = Info.plist; sourceTree = "<group>"; };
		62C1FF4B1C77C15C00A78798 /* TravelerUITests.xctest */ = {isa = PBXFileReference; explicitFileType = wrapper.cfbundle; includeInIndex = 0; path = TravelerUITests.xctest; sourceTree = BUILT_PRODUCTS_DIR; };
		62C1FF4F1C77C15C00A78798 /* TravelerUITests.swift */ = {isa = PBXFileReference; lastKnownFileType = sourcecode.swift; path = TravelerUITests.swift; sourceTree = "<group>"; };
		62C1FF511C77C15C00A78798 /* Info.plist */ = {isa = PBXFileReference; lastKnownFileType = text.plist.xml; path = Info.plist; sourceTree = "<group>"; };
		62C1FF5E1C77CDFF00A78798 /* TRLoginOptionViewController.swift */ = {isa = PBXFileReference; fileEncoding = 4; lastKnownFileType = sourcecode.swift; path = TRLoginOptionViewController.swift; sourceTree = "<group>"; };
		62C1FF621C77D7F000A78798 /* TRCreateAccountViewController.swift */ = {isa = PBXFileReference; fileEncoding = 4; lastKnownFileType = sourcecode.swift; path = TRCreateAccountViewController.swift; sourceTree = "<group>"; };
		62C1FF661C77D83800A78798 /* TRSignInViewController.swift */ = {isa = PBXFileReference; fileEncoding = 4; lastKnownFileType = sourcecode.swift; path = TRSignInViewController.swift; sourceTree = "<group>"; };
		62C5DF781C79769C0039A88E /* TREventListViewController.swift */ = {isa = PBXFileReference; fileEncoding = 4; lastKnownFileType = sourcecode.swift; path = TREventListViewController.swift; sourceTree = "<group>"; };
		B5F403861766ABE58376D5E8 /* Pods-Traveler.release.xcconfig */ = {isa = PBXFileReference; includeInIndex = 1; lastKnownFileType = text.xcconfig; name = "Pods-Traveler.release.xcconfig"; path = "Pods/Target Support Files/Pods-Traveler/Pods-Traveler.release.xcconfig"; sourceTree = "<group>"; };
		E48487BA87625DB9F2BC0DE9 /* Pods_Traveler.framework */ = {isa = PBXFileReference; explicitFileType = wrapper.framework; includeInIndex = 0; path = Pods_Traveler.framework; sourceTree = BUILT_PRODUCTS_DIR; };
/* End PBXFileReference section */

/* Begin PBXFrameworksBuildPhase section */
		62C1FF291C77C15C00A78798 /* Frameworks */ = {
			isa = PBXFrameworksBuildPhase;
			buildActionMask = 2147483647;
			files = (
				DC97B5D3262D20FB6CF3BD50 /* Pods_Traveler.framework in Frameworks */,
			);
			runOnlyForDeploymentPostprocessing = 0;
		};
		62C1FF3D1C77C15C00A78798 /* Frameworks */ = {
			isa = PBXFrameworksBuildPhase;
			buildActionMask = 2147483647;
			files = (
			);
			runOnlyForDeploymentPostprocessing = 0;
		};
		62C1FF481C77C15C00A78798 /* Frameworks */ = {
			isa = PBXFrameworksBuildPhase;
			buildActionMask = 2147483647;
			files = (
			);
			runOnlyForDeploymentPostprocessing = 0;
		};
/* End PBXFrameworksBuildPhase section */

/* Begin PBXGroup section */
		33742DB51C8317A400C46742 /* Views */ = {
			isa = PBXGroup;
			children = (
				33742DB11C83179D00C46742 /* TREventTableCellView.swift */,
				33742DB61C8317EF00C46742 /* TREventTableCellView.xib */,
				33FDB9AD1C850AFC0066237C /* EventButton.swift */,
				339D8F271C90F77E00A2620F /* TRActivitySelectionCell.swift */,
				339D8F2B1C90F79800A2620F /* TRActivitySelectionCell.xib */,
				3374D74C1C9258DD0036E9C8 /* TRActivityCheckPointPicker.swift */,
				3374D7501C92591F0036E9C8 /* TRActivityCheckPointPicker.xib */,
				33104BFA1C97B1E70024D601 /* TRActivityIndicatorView.xib */,
				33104BFE1C97B1F40024D601 /* TRActivityIndicatorView.swift */,
				3329B58B1C9B524D00CC1F9B /* TRErrorNotificationView.swift */,
				3329B58F1C9B528F00CC1F9B /* TRErrorNotificationView.xib */,
				3329B5931C9B7A8500CC1F9B /* TRPushNotificationView.swift */,
				3329B5971C9B7A9000CC1F9B /* TRPushNotificationView.xib */,
				3398E1B11CAB7EE0001F022B /* TREventInfoPlayerCell.swift */,
				3398E1B51CAB7F14001F022B /* TREventInfoPlayerCell.xib */,
			);
			name = Views;
			sourceTree = "<group>";
		};
		3758CCAD089CF8BE0541620F /* Pods */ = {
			isa = PBXGroup;
			children = (
				4909F40824E557126E933B36 /* Pods-Traveler.debug.xcconfig */,
				B5F403861766ABE58376D5E8 /* Pods-Traveler.release.xcconfig */,
			);
			name = Pods;
			sourceTree = "<group>";
		};
		6238D2DB1C7ADDD50085C8AA /* Models */ = {
			isa = PBXGroup;
			children = (
				6238D2E11C7ADE8E0085C8AA /* TRUserInfo.swift */,
				33742DA41C81092D00C46742 /* TREventInfo.swift */,
				33742DA81C810A6100C46742 /* TRPlayerInfo.swift */,
				33742DAC1C810AE300C46742 /* TRActivityInfo.swift */,
				33FDB9A71C84F7C50066237C /* TRCreatorInfo.swift */,
			);
			path = Models;
			sourceTree = "<group>";
		};
		6238D2DC1C7ADDF70085C8AA /* Networking */ = {
			isa = PBXGroup;
			children = (
				33742D911C7FC8D300C46742 /* TRRequest.swift */,
				332C9CE31C8B89370092989E /* TRLeaveEventRequest.swift */,
				6294972C1C7BB5F3005E4F91 /* TRAuthenticationRequest.swift */,
				33742D9C1C80FFAE00C46742 /* TRGetEventsList.swift */,
				33FDB9B51C861AB10066237C /* TRCreateEventRequest.swift */,
				33FDB9BB1C863A550066237C /* TRgetActivityList.swift */,
				33FDB9D01C8778150066237C /* TRJoinEventRequest.swift */,
				3397E2821C93822F008CCCDB /* TRDeviceTokenRequest.swift */,
				3398E1A81CAB2994001F022B /* TRSendPushMessage.swift */,
				33974F151CADD0740015C9D5 /* TRCreateAReportRequest.swift */,
			);
			path = Networking;
			sourceTree = "<group>";
		};
		629497301C7C047F005E4F91 /* Utility */ = {
			isa = PBXGroup;
			children = (
				33974F0E1CADA0620015C9D5 /* ExSlideMenuController.swift */,
				338AECFD1C9D03AE008B064F /* Utility.swift */,
				629497311C7C04E1005E4F91 /* ViewControllerExtension.swift */,
				33742D981C800A3300C46742 /* UISegmentedControlExtension.swift */,
				33742D871C7FC4B400C46742 /* TRApplicationManager.swift */,
				33742D891C7FC51700C46742 /* TRStoryBoardManager.swift */,
				33FDB9D61C892FEF0066237C /* ImageHelper.swift */,
			);
			path = Utility;
			sourceTree = "<group>";
		};
		62C1FF231C77C15C00A78798 = {
			isa = PBXGroup;
			children = (
				33FDB9B41C8512E60066237C /* TR-Bridging-Header.h */,
				62C1FF2E1C77C15C00A78798 /* Traveler */,
				62C1FF431C77C15C00A78798 /* TravelerTests */,
				62C1FF4E1C77C15C00A78798 /* TravelerUITests */,
				62C1FF2D1C77C15C00A78798 /* Products */,
				3758CCAD089CF8BE0541620F /* Pods */,
				F2A408BCD304739F3CA9D85B /* Frameworks */,
			);
			sourceTree = "<group>";
		};
		62C1FF2D1C77C15C00A78798 /* Products */ = {
			isa = PBXGroup;
			children = (
				62C1FF2C1C77C15C00A78798 /* Traveler.app */,
				62C1FF401C77C15C00A78798 /* TravelerTests.xctest */,
				62C1FF4B1C77C15C00A78798 /* TravelerUITests.xctest */,
			);
			name = Products;
			sourceTree = "<group>";
		};
		62C1FF2E1C77C15C00A78798 /* Traveler */ = {
			isa = PBXGroup;
			children = (
				629497301C7C047F005E4F91 /* Utility */,
				6238D2DC1C7ADDF70085C8AA /* Networking */,
				6238D2DB1C7ADDD50085C8AA /* Models */,
				33742DB51C8317A400C46742 /* Views */,
				62C1FF5D1C77CD3900A78798 /* ViewControllers */,
				62C1FF2F1C77C15C00A78798 /* AppDelegate.swift */,
				62C1FF331C77C15C00A78798 /* Main.storyboard */,
				62C1FF361C77C15C00A78798 /* Assets.xcassets */,
				62C1FF381C77C15C00A78798 /* LaunchScreen.storyboard */,
				62C1FF3B1C77C15C00A78798 /* Info.plist */,
				33742D7F1C7FBDF100C46742 /* TRConstants.swift */,
			);
			path = Traveler;
			sourceTree = "<group>";
		};
		62C1FF431C77C15C00A78798 /* TravelerTests */ = {
			isa = PBXGroup;
			children = (
				62C1FF441C77C15C00A78798 /* TravelerTests.swift */,
				62C1FF461C77C15C00A78798 /* Info.plist */,
			);
			path = TravelerTests;
			sourceTree = "<group>";
		};
		62C1FF4E1C77C15C00A78798 /* TravelerUITests */ = {
			isa = PBXGroup;
			children = (
				62C1FF4F1C77C15C00A78798 /* TravelerUITests.swift */,
				62C1FF511C77C15C00A78798 /* Info.plist */,
			);
			path = TravelerUITests;
			sourceTree = "<group>";
		};
		62C1FF5D1C77CD3900A78798 /* ViewControllers */ = {
			isa = PBXGroup;
			children = (
				62C1FF311C77C15C00A78798 /* TRRootViewController.swift */,
				62C1FF5E1C77CDFF00A78798 /* TRLoginOptionViewController.swift */,
				62C1FF621C77D7F000A78798 /* TRCreateAccountViewController.swift */,
				62C1FF661C77D83800A78798 /* TRSignInViewController.swift */,
				62C5DF781C79769C0039A88E /* TREventListViewController.swift */,
				33742D851C7FC46B00C46742 /* TRBaseViewController.swift */,
				33F427481C8A0DBD00560BD3 /* TRCreateEventViewController.swift */,
				339D8F231C90EE7A00A2620F /* TRCreateEventSelectionViewController.swift */,
				339D8F2F1C911FB900A2620F /* TRCreateEventConfirmationViewController.swift */,
				3398E1A41CAB18C7001F022B /* TREventInformationViewController.swift */,
				3398E1AC1CAB3D3D001F022B /* TRProfileViewController.swift */,
				33974F191CADD9CD0015C9D5 /* TRSendReportViewController.swift */,
			);
			path = ViewControllers;
			sourceTree = "<group>";
		};
		F2A408BCD304739F3CA9D85B /* Frameworks */ = {
			isa = PBXGroup;
			children = (
				E48487BA87625DB9F2BC0DE9 /* Pods_Traveler.framework */,
			);
			name = Frameworks;
			sourceTree = "<group>";
		};
/* End PBXGroup section */

/* Begin PBXNativeTarget section */
		62C1FF2B1C77C15C00A78798 /* Traveler */ = {
			isa = PBXNativeTarget;
			buildConfigurationList = 62C1FF541C77C15C00A78798 /* Build configuration list for PBXNativeTarget "Traveler" */;
			buildPhases = (
				4A72E97DEEC5A55141594FA9 /* Check Pods Manifest.lock */,
				62C1FF281C77C15C00A78798 /* Sources */,
				62C1FF291C77C15C00A78798 /* Frameworks */,
				62C1FF2A1C77C15C00A78798 /* Resources */,
				AAB487A281160CF09BA55204 /* Embed Pods Frameworks */,
				9611A59F724FF956C12DAA08 /* Copy Pods Resources */,
			);
			buildRules = (
			);
			dependencies = (
			);
			name = Traveler;
			productName = Traveler;
			productReference = 62C1FF2C1C77C15C00A78798 /* Traveler.app */;
			productType = "com.apple.product-type.application";
		};
		62C1FF3F1C77C15C00A78798 /* TravelerTests */ = {
			isa = PBXNativeTarget;
			buildConfigurationList = 62C1FF571C77C15C00A78798 /* Build configuration list for PBXNativeTarget "TravelerTests" */;
			buildPhases = (
				62C1FF3C1C77C15C00A78798 /* Sources */,
				62C1FF3D1C77C15C00A78798 /* Frameworks */,
				62C1FF3E1C77C15C00A78798 /* Resources */,
			);
			buildRules = (
			);
			dependencies = (
				62C1FF421C77C15C00A78798 /* PBXTargetDependency */,
			);
			name = TravelerTests;
			productName = TravelerTests;
			productReference = 62C1FF401C77C15C00A78798 /* TravelerTests.xctest */;
			productType = "com.apple.product-type.bundle.unit-test";
		};
		62C1FF4A1C77C15C00A78798 /* TravelerUITests */ = {
			isa = PBXNativeTarget;
			buildConfigurationList = 62C1FF5A1C77C15C00A78798 /* Build configuration list for PBXNativeTarget "TravelerUITests" */;
			buildPhases = (
				62C1FF471C77C15C00A78798 /* Sources */,
				62C1FF481C77C15C00A78798 /* Frameworks */,
				62C1FF491C77C15C00A78798 /* Resources */,
			);
			buildRules = (
			);
			dependencies = (
				62C1FF4D1C77C15C00A78798 /* PBXTargetDependency */,
			);
			name = TravelerUITests;
			productName = TravelerUITests;
			productReference = 62C1FF4B1C77C15C00A78798 /* TravelerUITests.xctest */;
			productType = "com.apple.product-type.bundle.ui-testing";
		};
/* End PBXNativeTarget section */

/* Begin PBXProject section */
		62C1FF241C77C15C00A78798 /* Project object */ = {
			isa = PBXProject;
			attributes = {
				LastSwiftUpdateCheck = 0720;
				LastUpgradeCheck = 0720;
				ORGANIZATIONNAME = Forcecatalyst;
				TargetAttributes = {
					62C1FF2B1C77C15C00A78798 = {
						CreatedOnToolsVersion = 7.2;
						DevelopmentTeam = 7MUH8L24FY;
					};
					62C1FF3F1C77C15C00A78798 = {
						CreatedOnToolsVersion = 7.2;
						TestTargetID = 62C1FF2B1C77C15C00A78798;
					};
					62C1FF4A1C77C15C00A78798 = {
						CreatedOnToolsVersion = 7.2;
						TestTargetID = 62C1FF2B1C77C15C00A78798;
					};
				};
			};
			buildConfigurationList = 62C1FF271C77C15C00A78798 /* Build configuration list for PBXProject "Traveler" */;
			compatibilityVersion = "Xcode 3.2";
			developmentRegion = English;
			hasScannedForEncodings = 0;
			knownRegions = (
				en,
				Base,
			);
			mainGroup = 62C1FF231C77C15C00A78798;
			productRefGroup = 62C1FF2D1C77C15C00A78798 /* Products */;
			projectDirPath = "";
			projectRoot = "";
			targets = (
				62C1FF2B1C77C15C00A78798 /* Traveler */,
				62C1FF3F1C77C15C00A78798 /* TravelerTests */,
				62C1FF4A1C77C15C00A78798 /* TravelerUITests */,
			);
		};
/* End PBXProject section */

/* Begin PBXResourcesBuildPhase section */
		62C1FF2A1C77C15C00A78798 /* Resources */ = {
			isa = PBXResourcesBuildPhase;
			buildActionMask = 2147483647;
			files = (
				331E0F061C9B852F00A80D32 /* TRPushNotificationView.xib in Resources */,
				3398E1B61CAB7F14001F022B /* TREventInfoPlayerCell.xib in Resources */,
				339D8F2C1C90F79800A2620F /* TRActivitySelectionCell.xib in Resources */,
				33742DB71C8317EF00C46742 /* TREventTableCellView.xib in Resources */,
				3374D7511C92591F0036E9C8 /* TRActivityCheckPointPicker.xib in Resources */,
				33104BFB1C97B1E70024D601 /* TRActivityIndicatorView.xib in Resources */,
				62F279BF1C7D1318008D67DC /* Assets.xcassets in Resources */,
				62C1FF3A1C77C15C00A78798 /* LaunchScreen.storyboard in Resources */,
				3329B5901C9B528F00CC1F9B /* TRErrorNotificationView.xib in Resources */,
				62C1FF351C77C15C00A78798 /* Main.storyboard in Resources */,
			);
			runOnlyForDeploymentPostprocessing = 0;
		};
		62C1FF3E1C77C15C00A78798 /* Resources */ = {
			isa = PBXResourcesBuildPhase;
			buildActionMask = 2147483647;
			files = (
				33742DB81C8317EF00C46742 /* TREventTableCellView.xib in Resources */,
				3329B5991C9B7A9000CC1F9B /* TRPushNotificationView.xib in Resources */,
				339D8F2D1C90F79800A2620F /* TRActivitySelectionCell.xib in Resources */,
				3398E1B71CAB7F14001F022B /* TREventInfoPlayerCell.xib in Resources */,
				3329B5911C9B528F00CC1F9B /* TRErrorNotificationView.xib in Resources */,
				3374D7521C92591F0036E9C8 /* TRActivityCheckPointPicker.xib in Resources */,
				33104BFC1C97B1E70024D601 /* TRActivityIndicatorView.xib in Resources */,
				33B5BC701C9A2F0B000D94DE /* Assets.xcassets in Resources */,
			);
			runOnlyForDeploymentPostprocessing = 0;
		};
		62C1FF491C77C15C00A78798 /* Resources */ = {
			isa = PBXResourcesBuildPhase;
			buildActionMask = 2147483647;
			files = (
				33742DB91C8317EF00C46742 /* TREventTableCellView.xib in Resources */,
				3329B59A1C9B7A9000CC1F9B /* TRPushNotificationView.xib in Resources */,
				339D8F2E1C90F79800A2620F /* TRActivitySelectionCell.xib in Resources */,
				3398E1B81CAB7F14001F022B /* TREventInfoPlayerCell.xib in Resources */,
				3329B5921C9B528F00CC1F9B /* TRErrorNotificationView.xib in Resources */,
				3374D7531C92591F0036E9C8 /* TRActivityCheckPointPicker.xib in Resources */,
				33104BFD1C97B1E70024D601 /* TRActivityIndicatorView.xib in Resources */,
				33B5BC711C9A2F0C000D94DE /* Assets.xcassets in Resources */,
			);
			runOnlyForDeploymentPostprocessing = 0;
		};
/* End PBXResourcesBuildPhase section */

/* Begin PBXShellScriptBuildPhase section */
		4A72E97DEEC5A55141594FA9 /* Check Pods Manifest.lock */ = {
			isa = PBXShellScriptBuildPhase;
			buildActionMask = 2147483647;
			files = (
			);
			inputPaths = (
			);
			name = "Check Pods Manifest.lock";
			outputPaths = (
			);
			runOnlyForDeploymentPostprocessing = 0;
			shellPath = /bin/sh;
			shellScript = "diff \"${PODS_ROOT}/../Podfile.lock\" \"${PODS_ROOT}/Manifest.lock\" > /dev/null\nif [[ $? != 0 ]] ; then\n    cat << EOM\nerror: The sandbox is not in sync with the Podfile.lock. Run 'pod install' or update your CocoaPods installation.\nEOM\n    exit 1\nfi\n";
			showEnvVarsInLog = 0;
		};
		9611A59F724FF956C12DAA08 /* Copy Pods Resources */ = {
			isa = PBXShellScriptBuildPhase;
			buildActionMask = 2147483647;
			files = (
			);
			inputPaths = (
			);
			name = "Copy Pods Resources";
			outputPaths = (
			);
			runOnlyForDeploymentPostprocessing = 0;
			shellPath = /bin/sh;
			shellScript = "\"${SRCROOT}/Pods/Target Support Files/Pods-Traveler/Pods-Traveler-resources.sh\"\n";
			showEnvVarsInLog = 0;
		};
		AAB487A281160CF09BA55204 /* Embed Pods Frameworks */ = {
			isa = PBXShellScriptBuildPhase;
			buildActionMask = 2147483647;
			files = (
			);
			inputPaths = (
			);
			name = "Embed Pods Frameworks";
			outputPaths = (
			);
			runOnlyForDeploymentPostprocessing = 0;
			shellPath = /bin/sh;
			shellScript = "\"${SRCROOT}/Pods/Target Support Files/Pods-Traveler/Pods-Traveler-frameworks.sh\"\n";
			showEnvVarsInLog = 0;
		};
/* End PBXShellScriptBuildPhase section */

/* Begin PBXSourcesBuildPhase section */
		62C1FF281C77C15C00A78798 /* Sources */ = {
			isa = PBXSourcesBuildPhase;
			buildActionMask = 2147483647;
			files = (
				331E0F051C9B852200A80D32 /* TRPushNotificationView.swift in Sources */,
				33742DB21C83179D00C46742 /* TREventTableCellView.swift in Sources */,
				3397E2831C93822F008CCCDB /* TRDeviceTokenRequest.swift in Sources */,
				62C1FF671C77D83800A78798 /* TRSignInViewController.swift in Sources */,
				33974F1A1CADD9CD0015C9D5 /* TRSendReportViewController.swift in Sources */,
				33FDB9D71C892FEF0066237C /* ImageHelper.swift in Sources */,
				33742D801C7FBDF100C46742 /* TRConstants.swift in Sources */,
				332C9CE41C8B89370092989E /* TRLeaveEventRequest.swift in Sources */,
				33742D881C7FC4B400C46742 /* TRApplicationManager.swift in Sources */,
				3398E1B21CAB7EE0001F022B /* TREventInfoPlayerCell.swift in Sources */,
				62C1FF631C77D7F000A78798 /* TRCreateAccountViewController.swift in Sources */,
				62C1FF5F1C77CDFF00A78798 /* TRLoginOptionViewController.swift in Sources */,
				33742D921C7FC8D300C46742 /* TRRequest.swift in Sources */,
				33742DA91C810A6100C46742 /* TRPlayerInfo.swift in Sources */,
				33104BFF1C97B1F40024D601 /* TRActivityIndicatorView.swift in Sources */,
				62C5DF791C79769C0039A88E /* TREventListViewController.swift in Sources */,
				33742D9D1C80FFAE00C46742 /* TRGetEventsList.swift in Sources */,
				6294972D1C7BB5F3005E4F91 /* TRAuthenticationRequest.swift in Sources */,
				6238D2E21C7ADE8E0085C8AA /* TRUserInfo.swift in Sources */,
				33742D991C800A3300C46742 /* UISegmentedControlExtension.swift in Sources */,
				33FDB9B61C861AB10066237C /* TRCreateEventRequest.swift in Sources */,
				338AECFE1C9D03AE008B064F /* Utility.swift in Sources */,
				3398E1A51CAB18C7001F022B /* TREventInformationViewController.swift in Sources */,
				339D8F281C90F77E00A2620F /* TRActivitySelectionCell.swift in Sources */,
				33974F141CADA0E50015C9D5 /* ExSlideMenuController.swift in Sources */,
				33742D8A1C7FC51700C46742 /* TRStoryBoardManager.swift in Sources */,
				3329B58C1C9B524D00CC1F9B /* TRErrorNotificationView.swift in Sources */,
				3398E1AD1CAB3D3D001F022B /* TRProfileViewController.swift in Sources */,
				33F427491C8A0DBD00560BD3 /* TRCreateEventViewController.swift in Sources */,
				3374D74D1C9258DD0036E9C8 /* TRActivityCheckPointPicker.swift in Sources */,
				62C1FF321C77C15C00A78798 /* TRRootViewController.swift in Sources */,
				629497321C7C04E1005E4F91 /* ViewControllerExtension.swift in Sources */,
				33FDB9BC1C863A550066237C /* TRgetActivityList.swift in Sources */,
				33974F161CADD0740015C9D5 /* TRCreateAReportRequest.swift in Sources */,
				33FDB9A81C84F7C50066237C /* TRCreatorInfo.swift in Sources */,
				62C1FF301C77C15C00A78798 /* AppDelegate.swift in Sources */,
				3398E1A91CAB2994001F022B /* TRSendPushMessage.swift in Sources */,
				33742DAD1C810AE300C46742 /* TRActivityInfo.swift in Sources */,
				33742DA51C81092D00C46742 /* TREventInfo.swift in Sources */,
				33FDB9AE1C850AFC0066237C /* EventButton.swift in Sources */,
				33FDB9D11C8778150066237C /* TRJoinEventRequest.swift in Sources */,
				339D8F301C911FB900A2620F /* TRCreateEventConfirmationViewController.swift in Sources */,
				33742D861C7FC46B00C46742 /* TRBaseViewController.swift in Sources */,
				339D8F241C90EE7A00A2620F /* TRCreateEventSelectionViewController.swift in Sources */,
			);
			runOnlyForDeploymentPostprocessing = 0;
		};
		62C1FF3C1C77C15C00A78798 /* Sources */ = {
			isa = PBXSourcesBuildPhase;
			buildActionMask = 2147483647;
			files = (
				33742DA61C81092D00C46742 /* TREventInfo.swift in Sources */,
				3397E2841C93822F008CCCDB /* TRDeviceTokenRequest.swift in Sources */,
				33FDB9B91C86247C0066237C /* TRRootViewController.swift in Sources */,
				33974F171CADD0740015C9D5 /* TRCreateAReportRequest.swift in Sources */,
				33974F1B1CADD9CD0015C9D5 /* TRSendReportViewController.swift in Sources */,
				33FDB9D81C8930A50066237C /* ImageHelper.swift in Sources */,
				6238D2E31C7ADE8E0085C8AA /* TRUserInfo.swift in Sources */,
				332C9CE51C8B89370092989E /* TRLeaveEventRequest.swift in Sources */,
				62C1FF681C77D83800A78798 /* TRSignInViewController.swift in Sources */,
				33742D8D1C7FC66A00C46742 /* TRApplicationManager.swift in Sources */,
				629497331C7C04E1005E4F91 /* ViewControllerExtension.swift in Sources */,
				62C1FF451C77C15C00A78798 /* TravelerTests.swift in Sources */,
				62C1FF601C77CDFF00A78798 /* TRLoginOptionViewController.swift in Sources */,
				33FDB9AF1C850B960066237C /* EventButton.swift in Sources */,
				334E05BF1C939D7B00973068 /* AppDelegate.swift in Sources */,
				33FDB9B71C8621150066237C /* TRCreateEventRequest.swift in Sources */,
				3398E1AE1CAB3D3D001F022B /* TRProfileViewController.swift in Sources */,
				33974F131CADA0E40015C9D5 /* ExSlideMenuController.swift in Sources */,
				3398E1B31CAB7EE0001F022B /* TREventInfoPlayerCell.swift in Sources */,
				33742DAA1C810A6100C46742 /* TRPlayerInfo.swift in Sources */,
				33742DAE1C810AE300C46742 /* TRActivityInfo.swift in Sources */,
				33742DB31C83179D00C46742 /* TREventTableCellView.swift in Sources */,
				33742D8F1C7FC66E00C46742 /* TRStoryBoardManager.swift in Sources */,
				33104C001C97B1F40024D601 /* TRActivityIndicatorView.swift in Sources */,
				335AF5E81CA49DF500EBB6EF /* Utility.swift in Sources */,
				339D8F291C90F77E00A2620F /* TRActivitySelectionCell.swift in Sources */,
				3329B5951C9B7A8500CC1F9B /* TRPushNotificationView.swift in Sources */,
				33742D8B1C7FC66500C46742 /* TRBaseViewController.swift in Sources */,
				33F4274A1C8A0DBD00560BD3 /* TRCreateEventViewController.swift in Sources */,
				3374D74E1C9258DD0036E9C8 /* TRActivityCheckPointPicker.swift in Sources */,
				62C1FF641C77D7F000A78798 /* TRCreateAccountViewController.swift in Sources */,
				33742D811C7FC17700C46742 /* TRConstants.swift in Sources */,
				33FDB9BD1C863AF30066237C /* TRgetActivityList.swift in Sources */,
				62C5DF7A1C79769C0039A88E /* TREventListViewController.swift in Sources */,
				3398E1A61CAB18C7001F022B /* TREventInformationViewController.swift in Sources */,
				33742D941C7FC9B900C46742 /* TRRequest.swift in Sources */,
				33FDB9A91C84F82F0066237C /* TRCreatorInfo.swift in Sources */,
				33742D9E1C80FFAE00C46742 /* TRGetEventsList.swift in Sources */,
				33742D9A1C800A5D00C46742 /* UISegmentedControlExtension.swift in Sources */,
				33FDB9D21C8778150066237C /* TRJoinEventRequest.swift in Sources */,
				3329B58D1C9B524D00CC1F9B /* TRErrorNotificationView.swift in Sources */,
				3398E1AA1CAB2994001F022B /* TRSendPushMessage.swift in Sources */,
				339D8F311C911FB900A2620F /* TRCreateEventConfirmationViewController.swift in Sources */,
				6294972E1C7BB5F3005E4F91 /* TRAuthenticationRequest.swift in Sources */,
				339D8F251C90EE7A00A2620F /* TRCreateEventSelectionViewController.swift in Sources */,
			);
			runOnlyForDeploymentPostprocessing = 0;
		};
		62C1FF471C77C15C00A78798 /* Sources */ = {
			isa = PBXSourcesBuildPhase;
			buildActionMask = 2147483647;
			files = (
				33742DA71C81092D00C46742 /* TREventInfo.swift in Sources */,
				3397E2851C93822F008CCCDB /* TRDeviceTokenRequest.swift in Sources */,
				33FDB9BA1C86247C0066237C /* TRRootViewController.swift in Sources */,
				33974F181CADD0740015C9D5 /* TRCreateAReportRequest.swift in Sources */,
				33974F1C1CADD9CD0015C9D5 /* TRSendReportViewController.swift in Sources */,
				33FDB9D91C8930A60066237C /* ImageHelper.swift in Sources */,
				6238D2E41C7ADE8E0085C8AA /* TRUserInfo.swift in Sources */,
				332C9CE61C8B89370092989E /* TRLeaveEventRequest.swift in Sources */,
				62C1FF691C77D83800A78798 /* TRSignInViewController.swift in Sources */,
				33742D8E1C7FC66B00C46742 /* TRApplicationManager.swift in Sources */,
				629497341C7C04E1005E4F91 /* ViewControllerExtension.swift in Sources */,
				62C1FF501C77C15C00A78798 /* TravelerUITests.swift in Sources */,
				62C1FF611C77CDFF00A78798 /* TRLoginOptionViewController.swift in Sources */,
				33FDB9B01C850B970066237C /* EventButton.swift in Sources */,
				334E05C01C939D7C00973068 /* AppDelegate.swift in Sources */,
				33FDB9B81C8621160066237C /* TRCreateEventRequest.swift in Sources */,
				3398E1AF1CAB3D3D001F022B /* TRProfileViewController.swift in Sources */,
				33974F121CADA0E40015C9D5 /* ExSlideMenuController.swift in Sources */,
				3398E1B41CAB7EE0001F022B /* TREventInfoPlayerCell.swift in Sources */,
				33742DAB1C810A6100C46742 /* TRPlayerInfo.swift in Sources */,
				33742DAF1C810AE300C46742 /* TRActivityInfo.swift in Sources */,
				33742DB41C83179D00C46742 /* TREventTableCellView.swift in Sources */,
				33742D901C7FC66F00C46742 /* TRStoryBoardManager.swift in Sources */,
				33104C011C97B1F40024D601 /* TRActivityIndicatorView.swift in Sources */,
				335AF5E91CA49DF500EBB6EF /* Utility.swift in Sources */,
				339D8F2A1C90F77E00A2620F /* TRActivitySelectionCell.swift in Sources */,
				3329B5961C9B7A8500CC1F9B /* TRPushNotificationView.swift in Sources */,
				33742D8C1C7FC66600C46742 /* TRBaseViewController.swift in Sources */,
				33F4274B1C8A0DBD00560BD3 /* TRCreateEventViewController.swift in Sources */,
				3374D74F1C9258DD0036E9C8 /* TRActivityCheckPointPicker.swift in Sources */,
				62C1FF651C77D7F000A78798 /* TRCreateAccountViewController.swift in Sources */,
				33742D821C7FC17800C46742 /* TRConstants.swift in Sources */,
				33FDB9BE1C863AF40066237C /* TRgetActivityList.swift in Sources */,
				62C5DF7B1C79769C0039A88E /* TREventListViewController.swift in Sources */,
				3398E1A71CAB18C7001F022B /* TREventInformationViewController.swift in Sources */,
				33742D951C7FC9BA00C46742 /* TRRequest.swift in Sources */,
				33FDB9AA1C84F8300066237C /* TRCreatorInfo.swift in Sources */,
				33742D9F1C80FFAE00C46742 /* TRGetEventsList.swift in Sources */,
				33742D9B1C800A5E00C46742 /* UISegmentedControlExtension.swift in Sources */,
				33FDB9D31C8778150066237C /* TRJoinEventRequest.swift in Sources */,
				3329B58E1C9B524D00CC1F9B /* TRErrorNotificationView.swift in Sources */,
				3398E1AB1CAB2994001F022B /* TRSendPushMessage.swift in Sources */,
				339D8F321C911FB900A2620F /* TRCreateEventConfirmationViewController.swift in Sources */,
				6294972F1C7BB5F3005E4F91 /* TRAuthenticationRequest.swift in Sources */,
				339D8F261C90EE7A00A2620F /* TRCreateEventSelectionViewController.swift in Sources */,
			);
			runOnlyForDeploymentPostprocessing = 0;
		};
/* End PBXSourcesBuildPhase section */

/* Begin PBXTargetDependency section */
		62C1FF421C77C15C00A78798 /* PBXTargetDependency */ = {
			isa = PBXTargetDependency;
			target = 62C1FF2B1C77C15C00A78798 /* Traveler */;
			targetProxy = 62C1FF411C77C15C00A78798 /* PBXContainerItemProxy */;
		};
		62C1FF4D1C77C15C00A78798 /* PBXTargetDependency */ = {
			isa = PBXTargetDependency;
			target = 62C1FF2B1C77C15C00A78798 /* Traveler */;
			targetProxy = 62C1FF4C1C77C15C00A78798 /* PBXContainerItemProxy */;
		};
/* End PBXTargetDependency section */

/* Begin PBXVariantGroup section */
		62C1FF331C77C15C00A78798 /* Main.storyboard */ = {
			isa = PBXVariantGroup;
			children = (
				62C1FF341C77C15C00A78798 /* Base */,
			);
			name = Main.storyboard;
			sourceTree = "<group>";
		};
		62C1FF381C77C15C00A78798 /* LaunchScreen.storyboard */ = {
			isa = PBXVariantGroup;
			children = (
				62C1FF391C77C15C00A78798 /* Base */,
			);
			name = LaunchScreen.storyboard;
			sourceTree = "<group>";
		};
/* End PBXVariantGroup section */

/* Begin XCBuildConfiguration section */
		62C1FF521C77C15C00A78798 /* Debug */ = {
			isa = XCBuildConfiguration;
			buildSettings = {
				ALWAYS_SEARCH_USER_PATHS = NO;
				CLANG_CXX_LANGUAGE_STANDARD = "gnu++0x";
				CLANG_CXX_LIBRARY = "libc++";
				CLANG_ENABLE_MODULES = YES;
				CLANG_ENABLE_OBJC_ARC = YES;
				CLANG_WARN_BOOL_CONVERSION = YES;
				CLANG_WARN_CONSTANT_CONVERSION = YES;
				CLANG_WARN_DIRECT_OBJC_ISA_USAGE = YES_ERROR;
				CLANG_WARN_EMPTY_BODY = YES;
				CLANG_WARN_ENUM_CONVERSION = YES;
				CLANG_WARN_INT_CONVERSION = YES;
				CLANG_WARN_OBJC_ROOT_CLASS = YES_ERROR;
				CLANG_WARN_UNREACHABLE_CODE = YES;
				CLANG_WARN__DUPLICATE_METHOD_MATCH = YES;
				CODE_SIGN_IDENTITY = "iPhone Developer";
				"CODE_SIGN_IDENTITY[sdk=iphoneos*]" = "iPhone Developer";
				COPY_PHASE_STRIP = NO;
				DEBUG_INFORMATION_FORMAT = dwarf;
				ENABLE_STRICT_OBJC_MSGSEND = YES;
				ENABLE_TESTABILITY = YES;
				GCC_C_LANGUAGE_STANDARD = gnu99;
				GCC_DYNAMIC_NO_PIC = NO;
				GCC_NO_COMMON_BLOCKS = YES;
				GCC_OPTIMIZATION_LEVEL = 0;
				GCC_PREPROCESSOR_DEFINITIONS = (
					"DEBUG=1",
					"$(inherited)",
				);
				GCC_WARN_64_TO_32_BIT_CONVERSION = YES;
				GCC_WARN_ABOUT_RETURN_TYPE = YES_ERROR;
				GCC_WARN_UNDECLARED_SELECTOR = YES;
				GCC_WARN_UNINITIALIZED_AUTOS = YES_AGGRESSIVE;
				GCC_WARN_UNUSED_FUNCTION = YES;
				GCC_WARN_UNUSED_VARIABLE = YES;
				IPHONEOS_DEPLOYMENT_TARGET = 8.0;
				MTL_ENABLE_DEBUG_INFO = YES;
				ONLY_ACTIVE_ARCH = YES;
				OTHER_SWIFT_FLAGS = "-DDEBUG";
				SDKROOT = iphoneos;
				SWIFT_OPTIMIZATION_LEVEL = "-Onone";
			};
			name = Debug;
		};
		62C1FF531C77C15C00A78798 /* Release */ = {
			isa = XCBuildConfiguration;
			buildSettings = {
				ALWAYS_SEARCH_USER_PATHS = NO;
				CLANG_CXX_LANGUAGE_STANDARD = "gnu++0x";
				CLANG_CXX_LIBRARY = "libc++";
				CLANG_ENABLE_MODULES = YES;
				CLANG_ENABLE_OBJC_ARC = YES;
				CLANG_WARN_BOOL_CONVERSION = YES;
				CLANG_WARN_CONSTANT_CONVERSION = YES;
				CLANG_WARN_DIRECT_OBJC_ISA_USAGE = YES_ERROR;
				CLANG_WARN_EMPTY_BODY = YES;
				CLANG_WARN_ENUM_CONVERSION = YES;
				CLANG_WARN_INT_CONVERSION = YES;
				CLANG_WARN_OBJC_ROOT_CLASS = YES_ERROR;
				CLANG_WARN_UNREACHABLE_CODE = YES;
				CLANG_WARN__DUPLICATE_METHOD_MATCH = YES;
				CODE_SIGN_IDENTITY = "iPhone Distribution";
				"CODE_SIGN_IDENTITY[sdk=iphoneos*]" = "iPhone Distribution";
				COPY_PHASE_STRIP = NO;
				DEBUG_INFORMATION_FORMAT = "dwarf-with-dsym";
				ENABLE_NS_ASSERTIONS = NO;
				ENABLE_STRICT_OBJC_MSGSEND = YES;
				GCC_C_LANGUAGE_STANDARD = gnu99;
				GCC_NO_COMMON_BLOCKS = YES;
				GCC_WARN_64_TO_32_BIT_CONVERSION = YES;
				GCC_WARN_ABOUT_RETURN_TYPE = YES_ERROR;
				GCC_WARN_UNDECLARED_SELECTOR = YES;
				GCC_WARN_UNINITIALIZED_AUTOS = YES_AGGRESSIVE;
				GCC_WARN_UNUSED_FUNCTION = YES;
				GCC_WARN_UNUSED_VARIABLE = YES;
				IPHONEOS_DEPLOYMENT_TARGET = 8.0;
				MTL_ENABLE_DEBUG_INFO = NO;
				OTHER_SWIFT_FLAGS = "-DRELEASE";
				SDKROOT = iphoneos;
				VALIDATE_PRODUCT = YES;
			};
			name = Release;
		};
		62C1FF551C77C15C00A78798 /* Debug */ = {
			isa = XCBuildConfiguration;
			baseConfigurationReference = 4909F40824E557126E933B36 /* Pods-Traveler.debug.xcconfig */;
			buildSettings = {
				ASSETCATALOG_COMPILER_APPICON_NAME = AppIcon;
				CODE_SIGN_IDENTITY = "iPhone Developer";
				"CODE_SIGN_IDENTITY[sdk=iphoneos*]" = "iPhone Developer";
				DEFINES_MODULE = YES;
				INFOPLIST_FILE = Traveler/Info.plist;
				IPHONEOS_DEPLOYMENT_TARGET = 8.0;
				LD_RUNPATH_SEARCH_PATHS = "$(inherited) @executable_path/Frameworks";
				PRODUCT_BUNDLE_IDENTIFIER = com.verizon.feighty.Traveler;
				PRODUCT_NAME = "$(TARGET_NAME)";
				PROVISIONING_PROFILE = "";
				SWIFT_OBJC_BRIDGING_HEADER = "TR-Bridging-Header.h";
				TARGETED_DEVICE_FAMILY = 1;
			};
			name = Debug;
		};
		62C1FF561C77C15C00A78798 /* Release */ = {
			isa = XCBuildConfiguration;
			baseConfigurationReference = B5F403861766ABE58376D5E8 /* Pods-Traveler.release.xcconfig */;
			buildSettings = {
				ASSETCATALOG_COMPILER_APPICON_NAME = AppIcon;
				CODE_SIGN_IDENTITY = "iPhone Distribution";
				"CODE_SIGN_IDENTITY[sdk=iphoneos*]" = "iPhone Distribution";
				DEFINES_MODULE = YES;
				INFOPLIST_FILE = Traveler/Info.plist;
				IPHONEOS_DEPLOYMENT_TARGET = 8.0;
				LD_RUNPATH_SEARCH_PATHS = "$(inherited) @executable_path/Frameworks";
				PRODUCT_BUNDLE_IDENTIFIER = com.verizon.feighty.Traveler;
				PRODUCT_NAME = "$(TARGET_NAME)";
				PROVISIONING_PROFILE = "";
				SWIFT_OBJC_BRIDGING_HEADER = "TR-Bridging-Header.h";
				TARGETED_DEVICE_FAMILY = 1;
			};
			name = Release;
		};
		62C1FF581C77C15C00A78798 /* Debug */ = {
			isa = XCBuildConfiguration;
			buildSettings = {
				BUNDLE_LOADER = "$(TEST_HOST)";
				INFOPLIST_FILE = TravelerTests/Info.plist;
				IPHONEOS_DEPLOYMENT_TARGET = 8.0;
				LD_RUNPATH_SEARCH_PATHS = "$(inherited) @executable_path/Frameworks @loader_path/Frameworks";
				PRODUCT_BUNDLE_IDENTIFIER = com.verizon.feighty.TravelerTests;
				PRODUCT_NAME = "$(TARGET_NAME)";
				TEST_HOST = "$(BUILT_PRODUCTS_DIR)/Traveler.app/Traveler";
			};
			name = Debug;
		};
		62C1FF591C77C15C00A78798 /* Release */ = {
			isa = XCBuildConfiguration;
			buildSettings = {
				BUNDLE_LOADER = "$(TEST_HOST)";
				INFOPLIST_FILE = TravelerTests/Info.plist;
				IPHONEOS_DEPLOYMENT_TARGET = 8.0;
				LD_RUNPATH_SEARCH_PATHS = "$(inherited) @executable_path/Frameworks @loader_path/Frameworks";
				PRODUCT_BUNDLE_IDENTIFIER = com.verizon.feighty.TravelerTests;
				PRODUCT_NAME = "$(TARGET_NAME)";
				TEST_HOST = "$(BUILT_PRODUCTS_DIR)/Traveler.app/Traveler";
			};
			name = Release;
		};
		62C1FF5B1C77C15C00A78798 /* Debug */ = {
			isa = XCBuildConfiguration;
			buildSettings = {
				INFOPLIST_FILE = TravelerUITests/Info.plist;
				IPHONEOS_DEPLOYMENT_TARGET = 8.0;
				LD_RUNPATH_SEARCH_PATHS = "$(inherited) @executable_path/Frameworks @loader_path/Frameworks";
				PRODUCT_BUNDLE_IDENTIFIER = com.verizon.feighty.TravelerUITests;
				PRODUCT_NAME = "$(TARGET_NAME)";
				TEST_TARGET_NAME = Traveler;
				USES_XCTRUNNER = YES;
			};
			name = Debug;
		};
		62C1FF5C1C77C15C00A78798 /* Release */ = {
			isa = XCBuildConfiguration;
			buildSettings = {
				INFOPLIST_FILE = TravelerUITests/Info.plist;
				IPHONEOS_DEPLOYMENT_TARGET = 8.0;
				LD_RUNPATH_SEARCH_PATHS = "$(inherited) @executable_path/Frameworks @loader_path/Frameworks";
				PRODUCT_BUNDLE_IDENTIFIER = com.verizon.feighty.TravelerUITests;
				PRODUCT_NAME = "$(TARGET_NAME)";
				TEST_TARGET_NAME = Traveler;
				USES_XCTRUNNER = YES;
			};
			name = Release;
		};
/* End XCBuildConfiguration section */

/* Begin XCConfigurationList section */
		62C1FF271C77C15C00A78798 /* Build configuration list for PBXProject "Traveler" */ = {
			isa = XCConfigurationList;
			buildConfigurations = (
				62C1FF521C77C15C00A78798 /* Debug */,
				62C1FF531C77C15C00A78798 /* Release */,
			);
			defaultConfigurationIsVisible = 0;
			defaultConfigurationName = Release;
		};
		62C1FF541C77C15C00A78798 /* Build configuration list for PBXNativeTarget "Traveler" */ = {
			isa = XCConfigurationList;
			buildConfigurations = (
				62C1FF551C77C15C00A78798 /* Debug */,
				62C1FF561C77C15C00A78798 /* Release */,
			);
			defaultConfigurationIsVisible = 0;
			defaultConfigurationName = Release;
		};
		62C1FF571C77C15C00A78798 /* Build configuration list for PBXNativeTarget "TravelerTests" */ = {
			isa = XCConfigurationList;
			buildConfigurations = (
				62C1FF581C77C15C00A78798 /* Debug */,
				62C1FF591C77C15C00A78798 /* Release */,
			);
			defaultConfigurationIsVisible = 0;
			defaultConfigurationName = Release;
		};
		62C1FF5A1C77C15C00A78798 /* Build configuration list for PBXNativeTarget "TravelerUITests" */ = {
			isa = XCConfigurationList;
			buildConfigurations = (
				62C1FF5B1C77C15C00A78798 /* Debug */,
				62C1FF5C1C77C15C00A78798 /* Release */,
			);
			defaultConfigurationIsVisible = 0;
			defaultConfigurationName = Release;
		};
/* End XCConfigurationList section */
	};
	rootObject = 62C1FF241C77C15C00A78798 /* Project object */;
}
